// !$*UTF8*$!
{
	archiveVersion = 1;
	classes = {
	};
	objectVersion = 51;
	objects = {

/* Begin PBXBuildFile section */
		749A3669BAB812CEA71D346B /* Pods_art_collector_ios.framework in Frameworks */ = {isa = PBXBuildFile; fileRef = 31E4A08B7B8C8936F73CEE51 /* Pods_art_collector_ios.framework */; };
		9B144DA623A29FED00E0FE85 /* AppDelegate.swift in Sources */ = {isa = PBXBuildFile; fileRef = 9B144DA523A29FED00E0FE85 /* AppDelegate.swift */; };
		9B144DA823A29FED00E0FE85 /* SceneDelegate.swift in Sources */ = {isa = PBXBuildFile; fileRef = 9B144DA723A29FED00E0FE85 /* SceneDelegate.swift */; };
		9B144DAA23A29FED00E0FE85 /* LoginViewController.swift in Sources */ = {isa = PBXBuildFile; fileRef = 9B144DA923A29FED00E0FE85 /* LoginViewController.swift */; };
		9B144DAD23A29FED00E0FE85 /* Main.storyboard in Resources */ = {isa = PBXBuildFile; fileRef = 9B144DAB23A29FED00E0FE85 /* Main.storyboard */; };
		9B144DAF23A29FEF00E0FE85 /* Assets.xcassets in Resources */ = {isa = PBXBuildFile; fileRef = 9B144DAE23A29FEF00E0FE85 /* Assets.xcassets */; };
		9B144DB223A29FEF00E0FE85 /* LaunchScreen.storyboard in Resources */ = {isa = PBXBuildFile; fileRef = 9B144DB023A29FEF00E0FE85 /* LaunchScreen.storyboard */; };
		9B16D374242A776200593898 /* GeneralInformationDataSync.swift in Sources */ = {isa = PBXBuildFile; fileRef = 9B16D373242A776200593898 /* GeneralInformationDataSync.swift */; };
		9B16D376242A890100593898 /* GeneralInformationEditServiceSerializerProtocol.swift in Sources */ = {isa = PBXBuildFile; fileRef = 9B16D375242A890100593898 /* GeneralInformationEditServiceSerializerProtocol.swift */; };
		9B16D378242A891100593898 /* GeneralInformationEditServiceSerializer.swift in Sources */ = {isa = PBXBuildFile; fileRef = 9B16D377242A891100593898 /* GeneralInformationEditServiceSerializer.swift */; };
		9B222A1123D265F400A2A8D0 /* ArtistsViewController.swift in Sources */ = {isa = PBXBuildFile; fileRef = 9B222A1023D265F400A2A8D0 /* ArtistsViewController.swift */; };
		9B222A1323D26B6500A2A8D0 /* ArtistsService.swift in Sources */ = {isa = PBXBuildFile; fileRef = 9B222A1223D26B6500A2A8D0 /* ArtistsService.swift */; };
		9B222A1523D26BA600A2A8D0 /* ArtistsServiceProtocol.swift in Sources */ = {isa = PBXBuildFile; fileRef = 9B222A1423D26BA600A2A8D0 /* ArtistsServiceProtocol.swift */; };
		9B222A1723D26C3300A2A8D0 /* ArtistsServiceDeserializer.swift in Sources */ = {isa = PBXBuildFile; fileRef = 9B222A1623D26C3300A2A8D0 /* ArtistsServiceDeserializer.swift */; };
		9B222A1923D26C3E00A2A8D0 /* ArtistsServiceDeserializerProtocol.swift in Sources */ = {isa = PBXBuildFile; fileRef = 9B222A1823D26C3E00A2A8D0 /* ArtistsServiceDeserializerProtocol.swift */; };
		9B222A1B23D2B04A00A2A8D0 /* GeneralInformationViewController.swift in Sources */ = {isa = PBXBuildFile; fileRef = 9B222A1A23D2B04A00A2A8D0 /* GeneralInformationViewController.swift */; };
		9B222A1D23D2B30700A2A8D0 /* GeneralInformationService.swift in Sources */ = {isa = PBXBuildFile; fileRef = 9B222A1C23D2B30700A2A8D0 /* GeneralInformationService.swift */; };
		9B222A1F23D2B33C00A2A8D0 /* GeneralInformationServiceProtocol.swift in Sources */ = {isa = PBXBuildFile; fileRef = 9B222A1E23D2B33C00A2A8D0 /* GeneralInformationServiceProtocol.swift */; };
		9B222A2123D2B3A200A2A8D0 /* GeneralInformationServiceDeserializer.swift in Sources */ = {isa = PBXBuildFile; fileRef = 9B222A2023D2B3A200A2A8D0 /* GeneralInformationServiceDeserializer.swift */; };
		9B222A2323D2B3AF00A2A8D0 /* GeneralInformationServiceDeserializerProtocol.swift in Sources */ = {isa = PBXBuildFile; fileRef = 9B222A2223D2B3AF00A2A8D0 /* GeneralInformationServiceDeserializerProtocol.swift */; };
		9B225710242BC1EF00332C8C /* ArtistDataSync.swift in Sources */ = {isa = PBXBuildFile; fileRef = 9B22570F242BC1EF00332C8C /* ArtistDataSync.swift */; };
		9B225712242BF76600332C8C /* ArtistEditServiceSerializer.swift in Sources */ = {isa = PBXBuildFile; fileRef = 9B225711242BF76600332C8C /* ArtistEditServiceSerializer.swift */; };
		9B225714242BF77400332C8C /* ArtistEditServiceSerializerProtocol.swift in Sources */ = {isa = PBXBuildFile; fileRef = 9B225713242BF77400332C8C /* ArtistEditServiceSerializerProtocol.swift */; };
		9B22571B242C080600332C8C /* ArtworkEditServiceSerializer.swift in Sources */ = {isa = PBXBuildFile; fileRef = 9B22571A242C080600332C8C /* ArtworkEditServiceSerializer.swift */; };
		9B22571D242C081300332C8C /* ArtworkEditServiceSerializerProtocol.swift in Sources */ = {isa = PBXBuildFile; fileRef = 9B22571C242C081300332C8C /* ArtworkEditServiceSerializerProtocol.swift */; };
		9B22571F242C083100332C8C /* CollectionEditServiceSerializer.swift in Sources */ = {isa = PBXBuildFile; fileRef = 9B22571E242C083100332C8C /* CollectionEditServiceSerializer.swift */; };
		9B225721242C083D00332C8C /* CollectionEditServiceSerializerProtocol.swift in Sources */ = {isa = PBXBuildFile; fileRef = 9B225720242C083D00332C8C /* CollectionEditServiceSerializerProtocol.swift */; };
		9B225723242C085F00332C8C /* CustomerEditServiceSerializer.swift in Sources */ = {isa = PBXBuildFile; fileRef = 9B225722242C085F00332C8C /* CustomerEditServiceSerializer.swift */; };
		9B225725242C086700332C8C /* CustomerEditServiceSerializerProtocol.swift in Sources */ = {isa = PBXBuildFile; fileRef = 9B225724242C086700332C8C /* CustomerEditServiceSerializerProtocol.swift */; };
		9B225727242D029200332C8C /* AddressUtility.swift in Sources */ = {isa = PBXBuildFile; fileRef = 9B225726242D029200332C8C /* AddressUtility.swift */; };
		9B225729242D2F3400332C8C /* CustomerDataSync.swift in Sources */ = {isa = PBXBuildFile; fileRef = 9B225728242D2F3400332C8C /* CustomerDataSync.swift */; };
		9B242C45240A0068001E0145 /* ArtistDetailViewController.swift in Sources */ = {isa = PBXBuildFile; fileRef = 9B242C44240A0068001E0145 /* ArtistDetailViewController.swift */; };
		9B267D6A23BA6E4A00203D3B /* CustomersServiceProtocol.swift in Sources */ = {isa = PBXBuildFile; fileRef = 9B267D6923BA6E4A00203D3B /* CustomersServiceProtocol.swift */; };
		9B267D6C23BA6EDD00203D3B /* LoginServiceProtocol.swift in Sources */ = {isa = PBXBuildFile; fileRef = 9B267D6B23BA6EDD00203D3B /* LoginServiceProtocol.swift */; };
		9B267D6E23BA713900203D3B /* CustomersServiceDeserializer.swift in Sources */ = {isa = PBXBuildFile; fileRef = 9B267D6D23BA713900203D3B /* CustomersServiceDeserializer.swift */; };
		9B267D7023BA71AD00203D3B /* CustomersServiceDeserializerProtocol.swift in Sources */ = {isa = PBXBuildFile; fileRef = 9B267D6F23BA71AD00203D3B /* CustomersServiceDeserializerProtocol.swift */; };
		9B267D7223BA8A9700203D3B /* CustomerDetailViewController.swift in Sources */ = {isa = PBXBuildFile; fileRef = 9B267D7123BA8A9700203D3B /* CustomerDetailViewController.swift */; };
		9B2985BE240DF577009E73D9 /* CustomerEditService.swift in Sources */ = {isa = PBXBuildFile; fileRef = 9B2985BD240DF577009E73D9 /* CustomerEditService.swift */; };
		9B2985C0240DF583009E73D9 /* CustomerEditServiceProtocol.swift in Sources */ = {isa = PBXBuildFile; fileRef = 9B2985BF240DF583009E73D9 /* CustomerEditServiceProtocol.swift */; };
		9B2A919323BF94D600CC7552 /* Collection.swift in Sources */ = {isa = PBXBuildFile; fileRef = 9B2A919223BF94D600CC7552 /* Collection.swift */; };
		9B2A919523BF94E100CC7552 /* Artwork.swift in Sources */ = {isa = PBXBuildFile; fileRef = 9B2A919423BF94E100CC7552 /* Artwork.swift */; };
		9B2A919723BF94EB00CC7552 /* Artist.swift in Sources */ = {isa = PBXBuildFile; fileRef = 9B2A919623BF94EB00CC7552 /* Artist.swift */; };
		9B2A919923BF94F700CC7552 /* GeneralInformation.swift in Sources */ = {isa = PBXBuildFile; fileRef = 9B2A919823BF94F700CC7552 /* GeneralInformation.swift */; };
		9B2A919B23BF991300CC7552 /* Image.swift in Sources */ = {isa = PBXBuildFile; fileRef = 9B2A919A23BF991300CC7552 /* Image.swift */; };
		9B2A919D23BF991D00CC7552 /* Pdf.swift in Sources */ = {isa = PBXBuildFile; fileRef = 9B2A919C23BF991D00CC7552 /* Pdf.swift */; };
		9B3DDBC82409F44B006D440C /* GeneralInformationDetailViewController.swift in Sources */ = {isa = PBXBuildFile; fileRef = 9B3DDBC72409F44B006D440C /* GeneralInformationDetailViewController.swift */; };
		9B40783A23F094B0002E4398 /* CollectionCreateViewController.swift in Sources */ = {isa = PBXBuildFile; fileRef = 9B40783923F094B0002E4398 /* CollectionCreateViewController.swift */; };
		9B40783C23F09616002E4398 /* CollectionCreateService.swift in Sources */ = {isa = PBXBuildFile; fileRef = 9B40783B23F09616002E4398 /* CollectionCreateService.swift */; };
		9B40783E23F09662002E4398 /* CollectionCreateServiceProtocol.swift in Sources */ = {isa = PBXBuildFile; fileRef = 9B40783D23F09662002E4398 /* CollectionCreateServiceProtocol.swift */; };
		9B40784023F09729002E4398 /* CollectionCreateServiceDeserializerProtocol.swift in Sources */ = {isa = PBXBuildFile; fileRef = 9B40783F23F09729002E4398 /* CollectionCreateServiceDeserializerProtocol.swift */; };
		9B40784223F09735002E4398 /* CollectionCreateServiceDeserializer.swift in Sources */ = {isa = PBXBuildFile; fileRef = 9B40784123F09735002E4398 /* CollectionCreateServiceDeserializer.swift */; };
		9B40784423F097BB002E4398 /* CollectionCreateServiceSerializerProtocol.swift in Sources */ = {isa = PBXBuildFile; fileRef = 9B40784323F097BB002E4398 /* CollectionCreateServiceSerializerProtocol.swift */; };
		9B40784623F097C6002E4398 /* CollectionCreateServiceSerializer.swift in Sources */ = {isa = PBXBuildFile; fileRef = 9B40784523F097C6002E4398 /* CollectionCreateServiceSerializer.swift */; };
		9B40784823F0A06C002E4398 /* GetCustomerService.swift in Sources */ = {isa = PBXBuildFile; fileRef = 9B40784723F0A06C002E4398 /* GetCustomerService.swift */; };
		9B40784A23F0A081002E4398 /* GetCustomerServiceProtocol.swift in Sources */ = {isa = PBXBuildFile; fileRef = 9B40784923F0A081002E4398 /* GetCustomerServiceProtocol.swift */; };
		9B40784C23F0A137002E4398 /* GetCustomerServiceDeserializerProtocol.swift in Sources */ = {isa = PBXBuildFile; fileRef = 9B40784B23F0A137002E4398 /* GetCustomerServiceDeserializerProtocol.swift */; };
		9B40784E23F0A142002E4398 /* GetCustomerServiceDeserializer.swift in Sources */ = {isa = PBXBuildFile; fileRef = 9B40784D23F0A142002E4398 /* GetCustomerServiceDeserializer.swift */; };
		9B616F7F242432F400204467 /* DataModel.xcdatamodeld in Sources */ = {isa = PBXBuildFile; fileRef = 9B616F7D242432F400204467 /* DataModel.xcdatamodeld */; };
		9B68BDA023D39BCE006ACF15 /* CollectionDetailViewController.swift in Sources */ = {isa = PBXBuildFile; fileRef = 9B68BD9F23D39BCE006ACF15 /* CollectionDetailViewController.swift */; };
		9B68BDA223D3A65F006ACF15 /* ArtworkDetailViewController.swift in Sources */ = {isa = PBXBuildFile; fileRef = 9B68BDA123D3A65F006ACF15 /* ArtworkDetailViewController.swift */; };
		9B6F9AC9240C5B31003C6E28 /* GeneralInformationEditViewController.swift in Sources */ = {isa = PBXBuildFile; fileRef = 9B6F9AC8240C5B31003C6E28 /* GeneralInformationEditViewController.swift */; };
		9B6F9ACB240C5B74003C6E28 /* ArtistEditViewController.swift in Sources */ = {isa = PBXBuildFile; fileRef = 9B6F9ACA240C5B73003C6E28 /* ArtistEditViewController.swift */; };
		9B6F9AD0240C6B60003C6E28 /* ArtworkEditViewController.swift in Sources */ = {isa = PBXBuildFile; fileRef = 9B6F9ACF240C6B60003C6E28 /* ArtworkEditViewController.swift */; };
		9B6F9AD2240C6B6D003C6E28 /* CollectionEditViewController.swift in Sources */ = {isa = PBXBuildFile; fileRef = 9B6F9AD1240C6B6D003C6E28 /* CollectionEditViewController.swift */; };
		9B6F9AD4240C6B78003C6E28 /* CustomerEditViewController.swift in Sources */ = {isa = PBXBuildFile; fileRef = 9B6F9AD3240C6B78003C6E28 /* CustomerEditViewController.swift */; };
		9B7A475723D4B7ED006D1BA4 /* MBProgressHUDProtocol.swift in Sources */ = {isa = PBXBuildFile; fileRef = 9B7A475623D4B7ED006D1BA4 /* MBProgressHUDProtocol.swift */; };
		9B7A475923D4BC9B006D1BA4 /* GeneralInformationCreateViewController.swift in Sources */ = {isa = PBXBuildFile; fileRef = 9B7A475823D4BC9B006D1BA4 /* GeneralInformationCreateViewController.swift */; };
		9B7A475B23D5E17E006D1BA4 /* GeneralInformationCreateService.swift in Sources */ = {isa = PBXBuildFile; fileRef = 9B7A475A23D5E17E006D1BA4 /* GeneralInformationCreateService.swift */; };
		9B7A475D23D5E1A1006D1BA4 /* GeneralInformationCreateServiceProtocol.swift in Sources */ = {isa = PBXBuildFile; fileRef = 9B7A475C23D5E1A1006D1BA4 /* GeneralInformationCreateServiceProtocol.swift */; };
		9B7A475F23D5E462006D1BA4 /* GeneralInformationCreateServiceSerializer.swift in Sources */ = {isa = PBXBuildFile; fileRef = 9B7A475E23D5E462006D1BA4 /* GeneralInformationCreateServiceSerializer.swift */; };
		9B7A476123D5E477006D1BA4 /* GeneralInformationCreateServiceSerializerProtocol.swift in Sources */ = {isa = PBXBuildFile; fileRef = 9B7A476023D5E477006D1BA4 /* GeneralInformationCreateServiceSerializerProtocol.swift */; };
		9B7A476323D5E7C4006D1BA4 /* GeneralInformationCreateServiceDeserializerProtocol.swift in Sources */ = {isa = PBXBuildFile; fileRef = 9B7A476223D5E7C4006D1BA4 /* GeneralInformationCreateServiceDeserializerProtocol.swift */; };
		9B7A476523D5E7D4006D1BA4 /* GeneralInformationCreateServiceDeserializer.swift in Sources */ = {isa = PBXBuildFile; fileRef = 9B7A476423D5E7D4006D1BA4 /* GeneralInformationCreateServiceDeserializer.swift */; };
		9B7B1D9D241DA3DF00563D91 /* ArtistListViewController.swift in Sources */ = {isa = PBXBuildFile; fileRef = 9B7B1D9C241DA3DF00563D91 /* ArtistListViewController.swift */; };
		9B90893123B2BBCF00FBE693 /* CustomersViewController.swift in Sources */ = {isa = PBXBuildFile; fileRef = 9B90893023B2BBCF00FBE693 /* CustomersViewController.swift */; };
		9B937C4A241EC43D00AFEE3B /* GeneralInformationListViewController.swift in Sources */ = {isa = PBXBuildFile; fileRef = 9B937C49241EC43D00AFEE3B /* GeneralInformationListViewController.swift */; };
		9B96E34123E380650024F388 /* ArtworkCreateService.swift in Sources */ = {isa = PBXBuildFile; fileRef = 9B96E34023E380650024F388 /* ArtworkCreateService.swift */; };
		9B96E34323E380890024F388 /* ArtworkCreateServiceProtocol.swift in Sources */ = {isa = PBXBuildFile; fileRef = 9B96E34223E380890024F388 /* ArtworkCreateServiceProtocol.swift */; };
		9B96E34523E383590024F388 /* ArtworkCreateServiceSerializer.swift in Sources */ = {isa = PBXBuildFile; fileRef = 9B96E34423E383590024F388 /* ArtworkCreateServiceSerializer.swift */; };
		9B96E34723E383630024F388 /* ArtworkCreateServiceSerializerProtocol.swift in Sources */ = {isa = PBXBuildFile; fileRef = 9B96E34623E383630024F388 /* ArtworkCreateServiceSerializerProtocol.swift */; };
		9B96E34923E383760024F388 /* ArtworkCreateServiceDeserializerProtocol.swift in Sources */ = {isa = PBXBuildFile; fileRef = 9B96E34823E383760024F388 /* ArtworkCreateServiceDeserializerProtocol.swift */; };
		9B96E34B23E383860024F388 /* ArtworkCreateServiceDeserializer.swift in Sources */ = {isa = PBXBuildFile; fileRef = 9B96E34A23E383860024F388 /* ArtworkCreateServiceDeserializer.swift */; };
		9B96E34D23E389B90024F388 /* CollectionService.swift in Sources */ = {isa = PBXBuildFile; fileRef = 9B96E34C23E389B90024F388 /* CollectionService.swift */; };
		9B96E34F23E38A540024F388 /* CollectionServiceProtocol.swift in Sources */ = {isa = PBXBuildFile; fileRef = 9B96E34E23E38A540024F388 /* CollectionServiceProtocol.swift */; };
		9B96E35123E38BFC0024F388 /* CollectionServiceDeserializerProtocol.swift in Sources */ = {isa = PBXBuildFile; fileRef = 9B96E35023E38BFC0024F388 /* CollectionServiceDeserializerProtocol.swift */; };
		9B96E35323E38C080024F388 /* CollectionServiceDeserializer.swift in Sources */ = {isa = PBXBuildFile; fileRef = 9B96E35223E38C080024F388 /* CollectionServiceDeserializer.swift */; };
		9BD34DB824246D7B00B9E47C /* DateUtility.swift in Sources */ = {isa = PBXBuildFile; fileRef = 9BD34DB724246D7B00B9E47C /* DateUtility.swift */; };
		9BDB599A23E0B48C00AB8C20 /* CustomerCreateViewController.swift in Sources */ = {isa = PBXBuildFile; fileRef = 9BDB599923E0B48C00AB8C20 /* CustomerCreateViewController.swift */; };
		9BDB599C23E0BC6200AB8C20 /* CustomerCreateService.swift in Sources */ = {isa = PBXBuildFile; fileRef = 9BDB599B23E0BC6200AB8C20 /* CustomerCreateService.swift */; };
		9BDB599E23E0BCA100AB8C20 /* CustomerCreateServiceProtocol.swift in Sources */ = {isa = PBXBuildFile; fileRef = 9BDB599D23E0BCA100AB8C20 /* CustomerCreateServiceProtocol.swift */; };
		9BDB59A023E0BDEF00AB8C20 /* CustomerCreateServiceSerializer.swift in Sources */ = {isa = PBXBuildFile; fileRef = 9BDB599F23E0BDEF00AB8C20 /* CustomerCreateServiceSerializer.swift */; };
		9BDB59A223E0BDFC00AB8C20 /* CustomerCreateServiceSerializerProtocol.swift in Sources */ = {isa = PBXBuildFile; fileRef = 9BDB59A123E0BDFC00AB8C20 /* CustomerCreateServiceSerializerProtocol.swift */; };
		9BDB59A423E0BE1900AB8C20 /* CustomerCreateServiceDeserializer.swift in Sources */ = {isa = PBXBuildFile; fileRef = 9BDB59A323E0BE1900AB8C20 /* CustomerCreateServiceDeserializer.swift */; };
		9BDB59A623E0BE2800AB8C20 /* CustomerCreateServiceDeserializerProtocol.swift in Sources */ = {isa = PBXBuildFile; fileRef = 9BDB59A523E0BE2800AB8C20 /* CustomerCreateServiceDeserializerProtocol.swift */; };
		9BDB59A823E0D42500AB8C20 /* ArtworkCreateViewController.swift in Sources */ = {isa = PBXBuildFile; fileRef = 9BDB59A723E0D42500AB8C20 /* ArtworkCreateViewController.swift */; };
		9BDE722124108BC700307EFC /* GeneralInformationEditService.swift in Sources */ = {isa = PBXBuildFile; fileRef = 9BDE722024108BC700307EFC /* GeneralInformationEditService.swift */; };
		9BDE722324108BD300307EFC /* GeneralInformationEditServiceProtocol.swift in Sources */ = {isa = PBXBuildFile; fileRef = 9BDE722224108BD300307EFC /* GeneralInformationEditServiceProtocol.swift */; };
		9BDE722524108E5400307EFC /* GetGeneralInformationService.swift in Sources */ = {isa = PBXBuildFile; fileRef = 9BDE722424108E5400307EFC /* GetGeneralInformationService.swift */; };
		9BDE722724108E6200307EFC /* GetGeneralInformationServiceProtocol.swift in Sources */ = {isa = PBXBuildFile; fileRef = 9BDE722624108E6200307EFC /* GetGeneralInformationServiceProtocol.swift */; };
		9BDE722924108F4600307EFC /* GetGeneralInformationServiceDeserializerProtocol.swift in Sources */ = {isa = PBXBuildFile; fileRef = 9BDE722824108F4600307EFC /* GetGeneralInformationServiceDeserializerProtocol.swift */; };
		9BDE722B24108F4F00307EFC /* GetGeneralInformationServiceDeserializer.swift in Sources */ = {isa = PBXBuildFile; fileRef = 9BDE722A24108F4F00307EFC /* GetGeneralInformationServiceDeserializer.swift */; };
		9BDE72322410967700307EFC /* ArtistEditService.swift in Sources */ = {isa = PBXBuildFile; fileRef = 9BDE72312410967700307EFC /* ArtistEditService.swift */; };
		9BDE72342410968400307EFC /* ArtistEditServiceProtocol.swift in Sources */ = {isa = PBXBuildFile; fileRef = 9BDE72332410968400307EFC /* ArtistEditServiceProtocol.swift */; };
		9BDE72362410969F00307EFC /* GetArtistService.swift in Sources */ = {isa = PBXBuildFile; fileRef = 9BDE72352410969F00307EFC /* GetArtistService.swift */; };
		9BDE7238241096AC00307EFC /* GetArtistServiceProtocol.swift in Sources */ = {isa = PBXBuildFile; fileRef = 9BDE7237241096AC00307EFC /* GetArtistServiceProtocol.swift */; };
		9BDE723A241099A000307EFC /* GetArtistServiceDeserializer.swift in Sources */ = {isa = PBXBuildFile; fileRef = 9BDE7239241099A000307EFC /* GetArtistServiceDeserializer.swift */; };
		9BDE723C241099AA00307EFC /* GetArtistServiceDeserializerProtocol.swift in Sources */ = {isa = PBXBuildFile; fileRef = 9BDE723B241099AA00307EFC /* GetArtistServiceDeserializerProtocol.swift */; };
		9BDE723E2410A85F00307EFC /* CollectionEditService.swift in Sources */ = {isa = PBXBuildFile; fileRef = 9BDE723D2410A85F00307EFC /* CollectionEditService.swift */; };
		9BDE72402410A86A00307EFC /* CollectionEditServiceProtocol.swift in Sources */ = {isa = PBXBuildFile; fileRef = 9BDE723F2410A86A00307EFC /* CollectionEditServiceProtocol.swift */; };
		9BDE72422410ABE400307EFC /* GetCollectionService.swift in Sources */ = {isa = PBXBuildFile; fileRef = 9BDE72412410ABE400307EFC /* GetCollectionService.swift */; };
		9BDE72442410ABEC00307EFC /* GetCollectionServiceProtocol.swift in Sources */ = {isa = PBXBuildFile; fileRef = 9BDE72432410ABEC00307EFC /* GetCollectionServiceProtocol.swift */; };
		9BDE72462410ACE000307EFC /* GetCollectionServiceDeserializerProtocol.swift in Sources */ = {isa = PBXBuildFile; fileRef = 9BDE72452410ACE000307EFC /* GetCollectionServiceDeserializerProtocol.swift */; };
		9BDE72482410ACE800307EFC /* GetCollectionServiceDeserializer.swift in Sources */ = {isa = PBXBuildFile; fileRef = 9BDE72472410ACE800307EFC /* GetCollectionServiceDeserializer.swift */; };
		9BDE724A2410AF4D00307EFC /* ArtworkEditService.swift in Sources */ = {isa = PBXBuildFile; fileRef = 9BDE72492410AF4D00307EFC /* ArtworkEditService.swift */; };
		9BDE724C2410AF5600307EFC /* ArtworkEditServiceProtocol.swift in Sources */ = {isa = PBXBuildFile; fileRef = 9BDE724B2410AF5600307EFC /* ArtworkEditServiceProtocol.swift */; };
		9BDE724E2410AF6400307EFC /* GetArtworkService.swift in Sources */ = {isa = PBXBuildFile; fileRef = 9BDE724D2410AF6400307EFC /* GetArtworkService.swift */; };
		9BDE72502410AF7000307EFC /* GetArtworkServiceProtocol.swift in Sources */ = {isa = PBXBuildFile; fileRef = 9BDE724F2410AF7000307EFC /* GetArtworkServiceProtocol.swift */; };
		9BDE72522410B00E00307EFC /* GetArtworkServiceDeserializer.swift in Sources */ = {isa = PBXBuildFile; fileRef = 9BDE72512410B00E00307EFC /* GetArtworkServiceDeserializer.swift */; };
		9BDE72542410B01E00307EFC /* GetArtworkServiceDeserializerProtocol.swift in Sources */ = {isa = PBXBuildFile; fileRef = 9BDE72532410B01E00307EFC /* GetArtworkServiceDeserializerProtocol.swift */; };
		9BF0F98C23B64F20009ACE3E /* ApiClient.swift in Sources */ = {isa = PBXBuildFile; fileRef = 9BF0F98B23B64F20009ACE3E /* ApiClient.swift */; };
		9BF0F98E23B64F7F009ACE3E /* LoginService.swift in Sources */ = {isa = PBXBuildFile; fileRef = 9BF0F98D23B64F7F009ACE3E /* LoginService.swift */; };
		9BF0F99023B6AF9A009ACE3E /* CustomersService.swift in Sources */ = {isa = PBXBuildFile; fileRef = 9BF0F98F23B6AF9A009ACE3E /* CustomersService.swift */; };
		9BF0F99223B7E2FF009ACE3E /* Customer.swift in Sources */ = {isa = PBXBuildFile; fileRef = 9BF0F99123B7E2FF009ACE3E /* Customer.swift */; };
		9BF12F1E23D3B26D00BE8AA8 /* ArtistCreateViewController.swift in Sources */ = {isa = PBXBuildFile; fileRef = 9BF12F1D23D3B26D00BE8AA8 /* ArtistCreateViewController.swift */; };
		9BF12F2023D3B7F800BE8AA8 /* ArtistCreateService.swift in Sources */ = {isa = PBXBuildFile; fileRef = 9BF12F1F23D3B7F800BE8AA8 /* ArtistCreateService.swift */; };
		9BF12F2223D3B80800BE8AA8 /* ArtistCreateServiceProtocol.swift in Sources */ = {isa = PBXBuildFile; fileRef = 9BF12F2123D3B80800BE8AA8 /* ArtistCreateServiceProtocol.swift */; };
		9BF12F2523D3BAB800BE8AA8 /* ArtistCreateServiceSerializerProtocol.swift in Sources */ = {isa = PBXBuildFile; fileRef = 9BF12F2423D3BAB800BE8AA8 /* ArtistCreateServiceSerializerProtocol.swift */; };
		9BF12F2723D3BAC500BE8AA8 /* ArtistCreateServiceSerializer.swift in Sources */ = {isa = PBXBuildFile; fileRef = 9BF12F2623D3BAC500BE8AA8 /* ArtistCreateServiceSerializer.swift */; };
		9BF12F2923D3BD0400BE8AA8 /* ArtistCreateServiceDeserializerProtocol.swift in Sources */ = {isa = PBXBuildFile; fileRef = 9BF12F2823D3BD0400BE8AA8 /* ArtistCreateServiceDeserializerProtocol.swift */; };
		9BF12F2B23D3BD1600BE8AA8 /* ArtistCreateServiceDeserializer.swift in Sources */ = {isa = PBXBuildFile; fileRef = 9BF12F2A23D3BD1600BE8AA8 /* ArtistCreateServiceDeserializer.swift */; };
/* End PBXBuildFile section */

/* Begin PBXFileReference section */
		30A6F5E646AE8F912610DAA7 /* Pods-art-collector-ios.debug.xcconfig */ = {isa = PBXFileReference; includeInIndex = 1; lastKnownFileType = text.xcconfig; name = "Pods-art-collector-ios.debug.xcconfig"; path = "Target Support Files/Pods-art-collector-ios/Pods-art-collector-ios.debug.xcconfig"; sourceTree = "<group>"; };
		31E4A08B7B8C8936F73CEE51 /* Pods_art_collector_ios.framework */ = {isa = PBXFileReference; explicitFileType = wrapper.framework; includeInIndex = 0; path = Pods_art_collector_ios.framework; sourceTree = BUILT_PRODUCTS_DIR; };
		9B144DA223A29FED00E0FE85 /* art-collector-ios.app */ = {isa = PBXFileReference; explicitFileType = wrapper.application; includeInIndex = 0; path = "art-collector-ios.app"; sourceTree = BUILT_PRODUCTS_DIR; };
		9B144DA523A29FED00E0FE85 /* AppDelegate.swift */ = {isa = PBXFileReference; lastKnownFileType = sourcecode.swift; path = AppDelegate.swift; sourceTree = "<group>"; };
		9B144DA723A29FED00E0FE85 /* SceneDelegate.swift */ = {isa = PBXFileReference; lastKnownFileType = sourcecode.swift; path = SceneDelegate.swift; sourceTree = "<group>"; };
		9B144DA923A29FED00E0FE85 /* LoginViewController.swift */ = {isa = PBXFileReference; lastKnownFileType = sourcecode.swift; path = LoginViewController.swift; sourceTree = "<group>"; };
		9B144DAC23A29FED00E0FE85 /* Base */ = {isa = PBXFileReference; lastKnownFileType = file.storyboard; name = Base; path = Base.lproj/Main.storyboard; sourceTree = "<group>"; };
		9B144DAE23A29FEF00E0FE85 /* Assets.xcassets */ = {isa = PBXFileReference; lastKnownFileType = folder.assetcatalog; path = Assets.xcassets; sourceTree = "<group>"; };
		9B144DB123A29FEF00E0FE85 /* Base */ = {isa = PBXFileReference; lastKnownFileType = file.storyboard; name = Base; path = Base.lproj/LaunchScreen.storyboard; sourceTree = "<group>"; };
		9B144DB323A29FEF00E0FE85 /* Info.plist */ = {isa = PBXFileReference; lastKnownFileType = text.plist.xml; path = Info.plist; sourceTree = "<group>"; };
		9B16D373242A776200593898 /* GeneralInformationDataSync.swift */ = {isa = PBXFileReference; lastKnownFileType = sourcecode.swift; path = GeneralInformationDataSync.swift; sourceTree = "<group>"; };
		9B16D375242A890100593898 /* GeneralInformationEditServiceSerializerProtocol.swift */ = {isa = PBXFileReference; lastKnownFileType = sourcecode.swift; path = GeneralInformationEditServiceSerializerProtocol.swift; sourceTree = "<group>"; };
		9B16D377242A891100593898 /* GeneralInformationEditServiceSerializer.swift */ = {isa = PBXFileReference; lastKnownFileType = sourcecode.swift; path = GeneralInformationEditServiceSerializer.swift; sourceTree = "<group>"; };
		9B222A1023D265F400A2A8D0 /* ArtistsViewController.swift */ = {isa = PBXFileReference; lastKnownFileType = sourcecode.swift; path = ArtistsViewController.swift; sourceTree = "<group>"; };
		9B222A1223D26B6500A2A8D0 /* ArtistsService.swift */ = {isa = PBXFileReference; lastKnownFileType = sourcecode.swift; path = ArtistsService.swift; sourceTree = "<group>"; };
		9B222A1423D26BA600A2A8D0 /* ArtistsServiceProtocol.swift */ = {isa = PBXFileReference; lastKnownFileType = sourcecode.swift; path = ArtistsServiceProtocol.swift; sourceTree = "<group>"; };
		9B222A1623D26C3300A2A8D0 /* ArtistsServiceDeserializer.swift */ = {isa = PBXFileReference; lastKnownFileType = sourcecode.swift; path = ArtistsServiceDeserializer.swift; sourceTree = "<group>"; };
		9B222A1823D26C3E00A2A8D0 /* ArtistsServiceDeserializerProtocol.swift */ = {isa = PBXFileReference; lastKnownFileType = sourcecode.swift; path = ArtistsServiceDeserializerProtocol.swift; sourceTree = "<group>"; };
		9B222A1A23D2B04A00A2A8D0 /* GeneralInformationViewController.swift */ = {isa = PBXFileReference; lastKnownFileType = sourcecode.swift; path = GeneralInformationViewController.swift; sourceTree = "<group>"; };
		9B222A1C23D2B30700A2A8D0 /* GeneralInformationService.swift */ = {isa = PBXFileReference; lastKnownFileType = sourcecode.swift; path = GeneralInformationService.swift; sourceTree = "<group>"; };
		9B222A1E23D2B33C00A2A8D0 /* GeneralInformationServiceProtocol.swift */ = {isa = PBXFileReference; lastKnownFileType = sourcecode.swift; path = GeneralInformationServiceProtocol.swift; sourceTree = "<group>"; };
		9B222A2023D2B3A200A2A8D0 /* GeneralInformationServiceDeserializer.swift */ = {isa = PBXFileReference; lastKnownFileType = sourcecode.swift; path = GeneralInformationServiceDeserializer.swift; sourceTree = "<group>"; };
		9B222A2223D2B3AF00A2A8D0 /* GeneralInformationServiceDeserializerProtocol.swift */ = {isa = PBXFileReference; lastKnownFileType = sourcecode.swift; path = GeneralInformationServiceDeserializerProtocol.swift; sourceTree = "<group>"; };
		9B22570F242BC1EF00332C8C /* ArtistDataSync.swift */ = {isa = PBXFileReference; lastKnownFileType = sourcecode.swift; path = ArtistDataSync.swift; sourceTree = "<group>"; };
		9B225711242BF76600332C8C /* ArtistEditServiceSerializer.swift */ = {isa = PBXFileReference; lastKnownFileType = sourcecode.swift; path = ArtistEditServiceSerializer.swift; sourceTree = "<group>"; };
		9B225713242BF77400332C8C /* ArtistEditServiceSerializerProtocol.swift */ = {isa = PBXFileReference; lastKnownFileType = sourcecode.swift; path = ArtistEditServiceSerializerProtocol.swift; sourceTree = "<group>"; };
		9B22571A242C080600332C8C /* ArtworkEditServiceSerializer.swift */ = {isa = PBXFileReference; lastKnownFileType = sourcecode.swift; path = ArtworkEditServiceSerializer.swift; sourceTree = "<group>"; };
		9B22571C242C081300332C8C /* ArtworkEditServiceSerializerProtocol.swift */ = {isa = PBXFileReference; lastKnownFileType = sourcecode.swift; path = ArtworkEditServiceSerializerProtocol.swift; sourceTree = "<group>"; };
		9B22571E242C083100332C8C /* CollectionEditServiceSerializer.swift */ = {isa = PBXFileReference; lastKnownFileType = sourcecode.swift; path = CollectionEditServiceSerializer.swift; sourceTree = "<group>"; };
		9B225720242C083D00332C8C /* CollectionEditServiceSerializerProtocol.swift */ = {isa = PBXFileReference; lastKnownFileType = sourcecode.swift; path = CollectionEditServiceSerializerProtocol.swift; sourceTree = "<group>"; };
		9B225722242C085F00332C8C /* CustomerEditServiceSerializer.swift */ = {isa = PBXFileReference; lastKnownFileType = sourcecode.swift; path = CustomerEditServiceSerializer.swift; sourceTree = "<group>"; };
		9B225724242C086700332C8C /* CustomerEditServiceSerializerProtocol.swift */ = {isa = PBXFileReference; lastKnownFileType = sourcecode.swift; path = CustomerEditServiceSerializerProtocol.swift; sourceTree = "<group>"; };
		9B225726242D029200332C8C /* AddressUtility.swift */ = {isa = PBXFileReference; lastKnownFileType = sourcecode.swift; path = AddressUtility.swift; sourceTree = "<group>"; };
		9B225728242D2F3400332C8C /* CustomerDataSync.swift */ = {isa = PBXFileReference; lastKnownFileType = sourcecode.swift; path = CustomerDataSync.swift; sourceTree = "<group>"; };
		9B242C44240A0068001E0145 /* ArtistDetailViewController.swift */ = {isa = PBXFileReference; lastKnownFileType = sourcecode.swift; path = ArtistDetailViewController.swift; sourceTree = "<group>"; };
		9B267D6923BA6E4A00203D3B /* CustomersServiceProtocol.swift */ = {isa = PBXFileReference; lastKnownFileType = sourcecode.swift; path = CustomersServiceProtocol.swift; sourceTree = "<group>"; };
		9B267D6B23BA6EDD00203D3B /* LoginServiceProtocol.swift */ = {isa = PBXFileReference; lastKnownFileType = sourcecode.swift; path = LoginServiceProtocol.swift; sourceTree = "<group>"; };
		9B267D6D23BA713900203D3B /* CustomersServiceDeserializer.swift */ = {isa = PBXFileReference; lastKnownFileType = sourcecode.swift; path = CustomersServiceDeserializer.swift; sourceTree = "<group>"; };
		9B267D6F23BA71AD00203D3B /* CustomersServiceDeserializerProtocol.swift */ = {isa = PBXFileReference; lastKnownFileType = sourcecode.swift; path = CustomersServiceDeserializerProtocol.swift; sourceTree = "<group>"; };
		9B267D7123BA8A9700203D3B /* CustomerDetailViewController.swift */ = {isa = PBXFileReference; lastKnownFileType = sourcecode.swift; path = CustomerDetailViewController.swift; sourceTree = "<group>"; };
		9B2985BD240DF577009E73D9 /* CustomerEditService.swift */ = {isa = PBXFileReference; lastKnownFileType = sourcecode.swift; path = CustomerEditService.swift; sourceTree = "<group>"; };
		9B2985BF240DF583009E73D9 /* CustomerEditServiceProtocol.swift */ = {isa = PBXFileReference; lastKnownFileType = sourcecode.swift; path = CustomerEditServiceProtocol.swift; sourceTree = "<group>"; };
		9B2A919223BF94D600CC7552 /* Collection.swift */ = {isa = PBXFileReference; lastKnownFileType = sourcecode.swift; path = Collection.swift; sourceTree = "<group>"; };
		9B2A919423BF94E100CC7552 /* Artwork.swift */ = {isa = PBXFileReference; lastKnownFileType = sourcecode.swift; path = Artwork.swift; sourceTree = "<group>"; };
		9B2A919623BF94EB00CC7552 /* Artist.swift */ = {isa = PBXFileReference; lastKnownFileType = sourcecode.swift; path = Artist.swift; sourceTree = "<group>"; };
		9B2A919823BF94F700CC7552 /* GeneralInformation.swift */ = {isa = PBXFileReference; lastKnownFileType = sourcecode.swift; path = GeneralInformation.swift; sourceTree = "<group>"; };
		9B2A919A23BF991300CC7552 /* Image.swift */ = {isa = PBXFileReference; lastKnownFileType = sourcecode.swift; path = Image.swift; sourceTree = "<group>"; };
		9B2A919C23BF991D00CC7552 /* Pdf.swift */ = {isa = PBXFileReference; lastKnownFileType = sourcecode.swift; path = Pdf.swift; sourceTree = "<group>"; };
		9B3DDBC72409F44B006D440C /* GeneralInformationDetailViewController.swift */ = {isa = PBXFileReference; lastKnownFileType = sourcecode.swift; path = GeneralInformationDetailViewController.swift; sourceTree = "<group>"; };
		9B40783923F094B0002E4398 /* CollectionCreateViewController.swift */ = {isa = PBXFileReference; lastKnownFileType = sourcecode.swift; path = CollectionCreateViewController.swift; sourceTree = "<group>"; };
		9B40783B23F09616002E4398 /* CollectionCreateService.swift */ = {isa = PBXFileReference; lastKnownFileType = sourcecode.swift; path = CollectionCreateService.swift; sourceTree = "<group>"; };
		9B40783D23F09662002E4398 /* CollectionCreateServiceProtocol.swift */ = {isa = PBXFileReference; lastKnownFileType = sourcecode.swift; path = CollectionCreateServiceProtocol.swift; sourceTree = "<group>"; };
		9B40783F23F09729002E4398 /* CollectionCreateServiceDeserializerProtocol.swift */ = {isa = PBXFileReference; lastKnownFileType = sourcecode.swift; path = CollectionCreateServiceDeserializerProtocol.swift; sourceTree = "<group>"; };
		9B40784123F09735002E4398 /* CollectionCreateServiceDeserializer.swift */ = {isa = PBXFileReference; lastKnownFileType = sourcecode.swift; path = CollectionCreateServiceDeserializer.swift; sourceTree = "<group>"; };
		9B40784323F097BB002E4398 /* CollectionCreateServiceSerializerProtocol.swift */ = {isa = PBXFileReference; lastKnownFileType = sourcecode.swift; path = CollectionCreateServiceSerializerProtocol.swift; sourceTree = "<group>"; };
		9B40784523F097C6002E4398 /* CollectionCreateServiceSerializer.swift */ = {isa = PBXFileReference; lastKnownFileType = sourcecode.swift; path = CollectionCreateServiceSerializer.swift; sourceTree = "<group>"; };
		9B40784723F0A06C002E4398 /* GetCustomerService.swift */ = {isa = PBXFileReference; lastKnownFileType = sourcecode.swift; path = GetCustomerService.swift; sourceTree = "<group>"; };
		9B40784923F0A081002E4398 /* GetCustomerServiceProtocol.swift */ = {isa = PBXFileReference; lastKnownFileType = sourcecode.swift; path = GetCustomerServiceProtocol.swift; sourceTree = "<group>"; };
		9B40784B23F0A137002E4398 /* GetCustomerServiceDeserializerProtocol.swift */ = {isa = PBXFileReference; lastKnownFileType = sourcecode.swift; path = GetCustomerServiceDeserializerProtocol.swift; sourceTree = "<group>"; };
		9B40784D23F0A142002E4398 /* GetCustomerServiceDeserializer.swift */ = {isa = PBXFileReference; lastKnownFileType = sourcecode.swift; path = GetCustomerServiceDeserializer.swift; sourceTree = "<group>"; };
		9B616F7E242432F400204467 /* DataModel.xcdatamodel */ = {isa = PBXFileReference; lastKnownFileType = wrapper.xcdatamodel; path = DataModel.xcdatamodel; sourceTree = "<group>"; };
		9B68BD9F23D39BCE006ACF15 /* CollectionDetailViewController.swift */ = {isa = PBXFileReference; lastKnownFileType = sourcecode.swift; path = CollectionDetailViewController.swift; sourceTree = "<group>"; };
		9B68BDA123D3A65F006ACF15 /* ArtworkDetailViewController.swift */ = {isa = PBXFileReference; lastKnownFileType = sourcecode.swift; path = ArtworkDetailViewController.swift; sourceTree = "<group>"; };
		9B6F9AC8240C5B31003C6E28 /* GeneralInformationEditViewController.swift */ = {isa = PBXFileReference; lastKnownFileType = sourcecode.swift; path = GeneralInformationEditViewController.swift; sourceTree = "<group>"; };
		9B6F9ACA240C5B73003C6E28 /* ArtistEditViewController.swift */ = {isa = PBXFileReference; lastKnownFileType = sourcecode.swift; path = ArtistEditViewController.swift; sourceTree = "<group>"; };
		9B6F9ACF240C6B60003C6E28 /* ArtworkEditViewController.swift */ = {isa = PBXFileReference; lastKnownFileType = sourcecode.swift; path = ArtworkEditViewController.swift; sourceTree = "<group>"; };
		9B6F9AD1240C6B6D003C6E28 /* CollectionEditViewController.swift */ = {isa = PBXFileReference; lastKnownFileType = sourcecode.swift; path = CollectionEditViewController.swift; sourceTree = "<group>"; };
		9B6F9AD3240C6B78003C6E28 /* CustomerEditViewController.swift */ = {isa = PBXFileReference; lastKnownFileType = sourcecode.swift; path = CustomerEditViewController.swift; sourceTree = "<group>"; };
		9B7A475623D4B7ED006D1BA4 /* MBProgressHUDProtocol.swift */ = {isa = PBXFileReference; lastKnownFileType = sourcecode.swift; path = MBProgressHUDProtocol.swift; sourceTree = "<group>"; };
		9B7A475823D4BC9B006D1BA4 /* GeneralInformationCreateViewController.swift */ = {isa = PBXFileReference; lastKnownFileType = sourcecode.swift; path = GeneralInformationCreateViewController.swift; sourceTree = "<group>"; };
		9B7A475A23D5E17E006D1BA4 /* GeneralInformationCreateService.swift */ = {isa = PBXFileReference; lastKnownFileType = sourcecode.swift; path = GeneralInformationCreateService.swift; sourceTree = "<group>"; };
		9B7A475C23D5E1A1006D1BA4 /* GeneralInformationCreateServiceProtocol.swift */ = {isa = PBXFileReference; lastKnownFileType = sourcecode.swift; path = GeneralInformationCreateServiceProtocol.swift; sourceTree = "<group>"; };
		9B7A475E23D5E462006D1BA4 /* GeneralInformationCreateServiceSerializer.swift */ = {isa = PBXFileReference; lastKnownFileType = sourcecode.swift; path = GeneralInformationCreateServiceSerializer.swift; sourceTree = "<group>"; };
		9B7A476023D5E477006D1BA4 /* GeneralInformationCreateServiceSerializerProtocol.swift */ = {isa = PBXFileReference; lastKnownFileType = sourcecode.swift; path = GeneralInformationCreateServiceSerializerProtocol.swift; sourceTree = "<group>"; };
		9B7A476223D5E7C4006D1BA4 /* GeneralInformationCreateServiceDeserializerProtocol.swift */ = {isa = PBXFileReference; lastKnownFileType = sourcecode.swift; path = GeneralInformationCreateServiceDeserializerProtocol.swift; sourceTree = "<group>"; };
		9B7A476423D5E7D4006D1BA4 /* GeneralInformationCreateServiceDeserializer.swift */ = {isa = PBXFileReference; lastKnownFileType = sourcecode.swift; path = GeneralInformationCreateServiceDeserializer.swift; sourceTree = "<group>"; };
		9B7B1D9C241DA3DF00563D91 /* ArtistListViewController.swift */ = {isa = PBXFileReference; lastKnownFileType = sourcecode.swift; path = ArtistListViewController.swift; sourceTree = "<group>"; };
		9B90893023B2BBCF00FBE693 /* CustomersViewController.swift */ = {isa = PBXFileReference; lastKnownFileType = sourcecode.swift; path = CustomersViewController.swift; sourceTree = "<group>"; };
		9B937C49241EC43D00AFEE3B /* GeneralInformationListViewController.swift */ = {isa = PBXFileReference; lastKnownFileType = sourcecode.swift; path = GeneralInformationListViewController.swift; sourceTree = "<group>"; };
		9B96E34023E380650024F388 /* ArtworkCreateService.swift */ = {isa = PBXFileReference; lastKnownFileType = sourcecode.swift; path = ArtworkCreateService.swift; sourceTree = "<group>"; };
		9B96E34223E380890024F388 /* ArtworkCreateServiceProtocol.swift */ = {isa = PBXFileReference; lastKnownFileType = sourcecode.swift; path = ArtworkCreateServiceProtocol.swift; sourceTree = "<group>"; };
		9B96E34423E383590024F388 /* ArtworkCreateServiceSerializer.swift */ = {isa = PBXFileReference; lastKnownFileType = sourcecode.swift; path = ArtworkCreateServiceSerializer.swift; sourceTree = "<group>"; };
		9B96E34623E383630024F388 /* ArtworkCreateServiceSerializerProtocol.swift */ = {isa = PBXFileReference; lastKnownFileType = sourcecode.swift; path = ArtworkCreateServiceSerializerProtocol.swift; sourceTree = "<group>"; };
		9B96E34823E383760024F388 /* ArtworkCreateServiceDeserializerProtocol.swift */ = {isa = PBXFileReference; lastKnownFileType = sourcecode.swift; path = ArtworkCreateServiceDeserializerProtocol.swift; sourceTree = "<group>"; };
		9B96E34A23E383860024F388 /* ArtworkCreateServiceDeserializer.swift */ = {isa = PBXFileReference; lastKnownFileType = sourcecode.swift; path = ArtworkCreateServiceDeserializer.swift; sourceTree = "<group>"; };
		9B96E34C23E389B90024F388 /* CollectionService.swift */ = {isa = PBXFileReference; lastKnownFileType = sourcecode.swift; path = CollectionService.swift; sourceTree = "<group>"; };
		9B96E34E23E38A540024F388 /* CollectionServiceProtocol.swift */ = {isa = PBXFileReference; lastKnownFileType = sourcecode.swift; path = CollectionServiceProtocol.swift; sourceTree = "<group>"; };
		9B96E35023E38BFC0024F388 /* CollectionServiceDeserializerProtocol.swift */ = {isa = PBXFileReference; lastKnownFileType = sourcecode.swift; path = CollectionServiceDeserializerProtocol.swift; sourceTree = "<group>"; };
		9B96E35223E38C080024F388 /* CollectionServiceDeserializer.swift */ = {isa = PBXFileReference; lastKnownFileType = sourcecode.swift; path = CollectionServiceDeserializer.swift; sourceTree = "<group>"; };
		9BD34DB724246D7B00B9E47C /* DateUtility.swift */ = {isa = PBXFileReference; lastKnownFileType = sourcecode.swift; path = DateUtility.swift; sourceTree = "<group>"; };
		9BDB599923E0B48C00AB8C20 /* CustomerCreateViewController.swift */ = {isa = PBXFileReference; lastKnownFileType = sourcecode.swift; path = CustomerCreateViewController.swift; sourceTree = "<group>"; };
		9BDB599B23E0BC6200AB8C20 /* CustomerCreateService.swift */ = {isa = PBXFileReference; lastKnownFileType = sourcecode.swift; path = CustomerCreateService.swift; sourceTree = "<group>"; };
		9BDB599D23E0BCA100AB8C20 /* CustomerCreateServiceProtocol.swift */ = {isa = PBXFileReference; lastKnownFileType = sourcecode.swift; path = CustomerCreateServiceProtocol.swift; sourceTree = "<group>"; };
		9BDB599F23E0BDEF00AB8C20 /* CustomerCreateServiceSerializer.swift */ = {isa = PBXFileReference; lastKnownFileType = sourcecode.swift; path = CustomerCreateServiceSerializer.swift; sourceTree = "<group>"; };
		9BDB59A123E0BDFC00AB8C20 /* CustomerCreateServiceSerializerProtocol.swift */ = {isa = PBXFileReference; lastKnownFileType = sourcecode.swift; path = CustomerCreateServiceSerializerProtocol.swift; sourceTree = "<group>"; };
		9BDB59A323E0BE1900AB8C20 /* CustomerCreateServiceDeserializer.swift */ = {isa = PBXFileReference; lastKnownFileType = sourcecode.swift; path = CustomerCreateServiceDeserializer.swift; sourceTree = "<group>"; };
		9BDB59A523E0BE2800AB8C20 /* CustomerCreateServiceDeserializerProtocol.swift */ = {isa = PBXFileReference; lastKnownFileType = sourcecode.swift; path = CustomerCreateServiceDeserializerProtocol.swift; sourceTree = "<group>"; };
		9BDB59A723E0D42500AB8C20 /* ArtworkCreateViewController.swift */ = {isa = PBXFileReference; lastKnownFileType = sourcecode.swift; path = ArtworkCreateViewController.swift; sourceTree = "<group>"; };
		9BDE722024108BC700307EFC /* GeneralInformationEditService.swift */ = {isa = PBXFileReference; lastKnownFileType = sourcecode.swift; path = GeneralInformationEditService.swift; sourceTree = "<group>"; };
		9BDE722224108BD300307EFC /* GeneralInformationEditServiceProtocol.swift */ = {isa = PBXFileReference; lastKnownFileType = sourcecode.swift; path = GeneralInformationEditServiceProtocol.swift; sourceTree = "<group>"; };
		9BDE722424108E5400307EFC /* GetGeneralInformationService.swift */ = {isa = PBXFileReference; lastKnownFileType = sourcecode.swift; path = GetGeneralInformationService.swift; sourceTree = "<group>"; };
		9BDE722624108E6200307EFC /* GetGeneralInformationServiceProtocol.swift */ = {isa = PBXFileReference; lastKnownFileType = sourcecode.swift; path = GetGeneralInformationServiceProtocol.swift; sourceTree = "<group>"; };
		9BDE722824108F4600307EFC /* GetGeneralInformationServiceDeserializerProtocol.swift */ = {isa = PBXFileReference; lastKnownFileType = sourcecode.swift; path = GetGeneralInformationServiceDeserializerProtocol.swift; sourceTree = "<group>"; };
		9BDE722A24108F4F00307EFC /* GetGeneralInformationServiceDeserializer.swift */ = {isa = PBXFileReference; lastKnownFileType = sourcecode.swift; path = GetGeneralInformationServiceDeserializer.swift; sourceTree = "<group>"; };
		9BDE72312410967700307EFC /* ArtistEditService.swift */ = {isa = PBXFileReference; lastKnownFileType = sourcecode.swift; path = ArtistEditService.swift; sourceTree = "<group>"; };
		9BDE72332410968400307EFC /* ArtistEditServiceProtocol.swift */ = {isa = PBXFileReference; lastKnownFileType = sourcecode.swift; path = ArtistEditServiceProtocol.swift; sourceTree = "<group>"; };
		9BDE72352410969F00307EFC /* GetArtistService.swift */ = {isa = PBXFileReference; lastKnownFileType = sourcecode.swift; path = GetArtistService.swift; sourceTree = "<group>"; };
		9BDE7237241096AC00307EFC /* GetArtistServiceProtocol.swift */ = {isa = PBXFileReference; lastKnownFileType = sourcecode.swift; path = GetArtistServiceProtocol.swift; sourceTree = "<group>"; };
		9BDE7239241099A000307EFC /* GetArtistServiceDeserializer.swift */ = {isa = PBXFileReference; lastKnownFileType = sourcecode.swift; path = GetArtistServiceDeserializer.swift; sourceTree = "<group>"; };
		9BDE723B241099AA00307EFC /* GetArtistServiceDeserializerProtocol.swift */ = {isa = PBXFileReference; lastKnownFileType = sourcecode.swift; path = GetArtistServiceDeserializerProtocol.swift; sourceTree = "<group>"; };
		9BDE723D2410A85F00307EFC /* CollectionEditService.swift */ = {isa = PBXFileReference; lastKnownFileType = sourcecode.swift; path = CollectionEditService.swift; sourceTree = "<group>"; };
		9BDE723F2410A86A00307EFC /* CollectionEditServiceProtocol.swift */ = {isa = PBXFileReference; lastKnownFileType = sourcecode.swift; path = CollectionEditServiceProtocol.swift; sourceTree = "<group>"; };
		9BDE72412410ABE400307EFC /* GetCollectionService.swift */ = {isa = PBXFileReference; lastKnownFileType = sourcecode.swift; path = GetCollectionService.swift; sourceTree = "<group>"; };
		9BDE72432410ABEC00307EFC /* GetCollectionServiceProtocol.swift */ = {isa = PBXFileReference; lastKnownFileType = sourcecode.swift; path = GetCollectionServiceProtocol.swift; sourceTree = "<group>"; };
		9BDE72452410ACE000307EFC /* GetCollectionServiceDeserializerProtocol.swift */ = {isa = PBXFileReference; lastKnownFileType = sourcecode.swift; path = GetCollectionServiceDeserializerProtocol.swift; sourceTree = "<group>"; };
		9BDE72472410ACE800307EFC /* GetCollectionServiceDeserializer.swift */ = {isa = PBXFileReference; lastKnownFileType = sourcecode.swift; path = GetCollectionServiceDeserializer.swift; sourceTree = "<group>"; };
		9BDE72492410AF4D00307EFC /* ArtworkEditService.swift */ = {isa = PBXFileReference; lastKnownFileType = sourcecode.swift; path = ArtworkEditService.swift; sourceTree = "<group>"; };
		9BDE724B2410AF5600307EFC /* ArtworkEditServiceProtocol.swift */ = {isa = PBXFileReference; lastKnownFileType = sourcecode.swift; path = ArtworkEditServiceProtocol.swift; sourceTree = "<group>"; };
		9BDE724D2410AF6400307EFC /* GetArtworkService.swift */ = {isa = PBXFileReference; lastKnownFileType = sourcecode.swift; path = GetArtworkService.swift; sourceTree = "<group>"; };
		9BDE724F2410AF7000307EFC /* GetArtworkServiceProtocol.swift */ = {isa = PBXFileReference; lastKnownFileType = sourcecode.swift; path = GetArtworkServiceProtocol.swift; sourceTree = "<group>"; };
		9BDE72512410B00E00307EFC /* GetArtworkServiceDeserializer.swift */ = {isa = PBXFileReference; lastKnownFileType = sourcecode.swift; path = GetArtworkServiceDeserializer.swift; sourceTree = "<group>"; };
		9BDE72532410B01E00307EFC /* GetArtworkServiceDeserializerProtocol.swift */ = {isa = PBXFileReference; lastKnownFileType = sourcecode.swift; path = GetArtworkServiceDeserializerProtocol.swift; sourceTree = "<group>"; };
		9BF0F98B23B64F20009ACE3E /* ApiClient.swift */ = {isa = PBXFileReference; lastKnownFileType = sourcecode.swift; path = ApiClient.swift; sourceTree = "<group>"; };
		9BF0F98D23B64F7F009ACE3E /* LoginService.swift */ = {isa = PBXFileReference; lastKnownFileType = sourcecode.swift; path = LoginService.swift; sourceTree = "<group>"; };
		9BF0F98F23B6AF9A009ACE3E /* CustomersService.swift */ = {isa = PBXFileReference; lastKnownFileType = sourcecode.swift; path = CustomersService.swift; sourceTree = "<group>"; };
		9BF0F99123B7E2FF009ACE3E /* Customer.swift */ = {isa = PBXFileReference; lastKnownFileType = sourcecode.swift; path = Customer.swift; sourceTree = "<group>"; };
		9BF12F1D23D3B26D00BE8AA8 /* ArtistCreateViewController.swift */ = {isa = PBXFileReference; lastKnownFileType = sourcecode.swift; path = ArtistCreateViewController.swift; sourceTree = "<group>"; };
		9BF12F1F23D3B7F800BE8AA8 /* ArtistCreateService.swift */ = {isa = PBXFileReference; lastKnownFileType = sourcecode.swift; path = ArtistCreateService.swift; sourceTree = "<group>"; };
		9BF12F2123D3B80800BE8AA8 /* ArtistCreateServiceProtocol.swift */ = {isa = PBXFileReference; lastKnownFileType = sourcecode.swift; path = ArtistCreateServiceProtocol.swift; sourceTree = "<group>"; };
		9BF12F2423D3BAB800BE8AA8 /* ArtistCreateServiceSerializerProtocol.swift */ = {isa = PBXFileReference; lastKnownFileType = sourcecode.swift; path = ArtistCreateServiceSerializerProtocol.swift; sourceTree = "<group>"; };
		9BF12F2623D3BAC500BE8AA8 /* ArtistCreateServiceSerializer.swift */ = {isa = PBXFileReference; lastKnownFileType = sourcecode.swift; path = ArtistCreateServiceSerializer.swift; sourceTree = "<group>"; };
		9BF12F2823D3BD0400BE8AA8 /* ArtistCreateServiceDeserializerProtocol.swift */ = {isa = PBXFileReference; lastKnownFileType = sourcecode.swift; path = ArtistCreateServiceDeserializerProtocol.swift; sourceTree = "<group>"; };
		9BF12F2A23D3BD1600BE8AA8 /* ArtistCreateServiceDeserializer.swift */ = {isa = PBXFileReference; lastKnownFileType = sourcecode.swift; path = ArtistCreateServiceDeserializer.swift; sourceTree = "<group>"; };
		E99682F11013E74018886D55 /* Pods-art-collector-ios.release.xcconfig */ = {isa = PBXFileReference; includeInIndex = 1; lastKnownFileType = text.xcconfig; name = "Pods-art-collector-ios.release.xcconfig"; path = "Target Support Files/Pods-art-collector-ios/Pods-art-collector-ios.release.xcconfig"; sourceTree = "<group>"; };
/* End PBXFileReference section */

/* Begin PBXFrameworksBuildPhase section */
		9B144D9F23A29FED00E0FE85 /* Frameworks */ = {
			isa = PBXFrameworksBuildPhase;
			buildActionMask = 2147483647;
			files = (
				749A3669BAB812CEA71D346B /* Pods_art_collector_ios.framework in Frameworks */,
			);
			runOnlyForDeploymentPostprocessing = 0;
		};
/* End PBXFrameworksBuildPhase section */

/* Begin PBXGroup section */
		3E8DCFF0D810FC3F50A5099F /* Pods */ = {
			isa = PBXGroup;
			children = (
				30A6F5E646AE8F912610DAA7 /* Pods-art-collector-ios.debug.xcconfig */,
				E99682F11013E74018886D55 /* Pods-art-collector-ios.release.xcconfig */,
			);
			path = Pods;
			sourceTree = "<group>";
		};
		7C12E3D8757C1BF034C8D849 /* Frameworks */ = {
			isa = PBXGroup;
			children = (
				31E4A08B7B8C8936F73CEE51 /* Pods_art_collector_ios.framework */,
			);
			name = Frameworks;
			sourceTree = "<group>";
		};
		9B144D9923A29FED00E0FE85 = {
			isa = PBXGroup;
			children = (
				9B144DA423A29FED00E0FE85 /* art-collector-ios */,
				9B144DA323A29FED00E0FE85 /* Products */,
				3E8DCFF0D810FC3F50A5099F /* Pods */,
				7C12E3D8757C1BF034C8D849 /* Frameworks */,
			);
			sourceTree = "<group>";
		};
		9B144DA323A29FED00E0FE85 /* Products */ = {
			isa = PBXGroup;
			children = (
				9B144DA223A29FED00E0FE85 /* art-collector-ios.app */,
			);
			name = Products;
			sourceTree = "<group>";
		};
		9B144DA423A29FED00E0FE85 /* art-collector-ios */ = {
			isa = PBXGroup;
			children = (
				9BD34DB624246D6A00B9E47C /* Utilities */,
				9B7A475523D4B7C1006D1BA4 /* ProtocolWrappers */,
				9BF0F98723B64C09009ACE3E /* Networking */,
				9B144DA523A29FED00E0FE85 /* AppDelegate.swift */,
				9B144DA723A29FED00E0FE85 /* SceneDelegate.swift */,
				9B144DAE23A29FEF00E0FE85 /* Assets.xcassets */,
				9B144DB023A29FEF00E0FE85 /* LaunchScreen.storyboard */,
				9B144DB323A29FEF00E0FE85 /* Info.plist */,
				9B755BF923A2AA85004574A0 /* Controllers */,
				9B755BF823A2AA80004574A0 /* Views */,
				9B755BF723A2AA7A004574A0 /* Models */,
			);
			path = "art-collector-ios";
			sourceTree = "<group>";
		};
		9B225715242C059600332C8C /* GeneralInformation */ = {
			isa = PBXGroup;
			children = (
				9B7A475E23D5E462006D1BA4 /* GeneralInformationCreateServiceSerializer.swift */,
				9B7A476023D5E477006D1BA4 /* GeneralInformationCreateServiceSerializerProtocol.swift */,
				9B16D377242A891100593898 /* GeneralInformationEditServiceSerializer.swift */,
				9B16D375242A890100593898 /* GeneralInformationEditServiceSerializerProtocol.swift */,
			);
			path = GeneralInformation;
			sourceTree = "<group>";
		};
		9B225716242C059F00332C8C /* Artist */ = {
			isa = PBXGroup;
			children = (
				9BF12F2623D3BAC500BE8AA8 /* ArtistCreateServiceSerializer.swift */,
				9BF12F2423D3BAB800BE8AA8 /* ArtistCreateServiceSerializerProtocol.swift */,
				9B225711242BF76600332C8C /* ArtistEditServiceSerializer.swift */,
				9B225713242BF77400332C8C /* ArtistEditServiceSerializerProtocol.swift */,
			);
			path = Artist;
			sourceTree = "<group>";
		};
		9B225717242C05A900332C8C /* Customer */ = {
			isa = PBXGroup;
			children = (
				9BDB599F23E0BDEF00AB8C20 /* CustomerCreateServiceSerializer.swift */,
				9BDB59A123E0BDFC00AB8C20 /* CustomerCreateServiceSerializerProtocol.swift */,
				9B225722242C085F00332C8C /* CustomerEditServiceSerializer.swift */,
				9B225724242C086700332C8C /* CustomerEditServiceSerializerProtocol.swift */,
			);
			path = Customer;
			sourceTree = "<group>";
		};
		9B225718242C05AD00332C8C /* Collection */ = {
			isa = PBXGroup;
			children = (
				9B40784523F097C6002E4398 /* CollectionCreateServiceSerializer.swift */,
				9B40784323F097BB002E4398 /* CollectionCreateServiceSerializerProtocol.swift */,
				9B22571E242C083100332C8C /* CollectionEditServiceSerializer.swift */,
				9B225720242C083D00332C8C /* CollectionEditServiceSerializerProtocol.swift */,
			);
			path = Collection;
			sourceTree = "<group>";
		};
		9B225719242C05B300332C8C /* Artwork */ = {
			isa = PBXGroup;
			children = (
				9B96E34423E383590024F388 /* ArtworkCreateServiceSerializer.swift */,
				9B96E34623E383630024F388 /* ArtworkCreateServiceSerializerProtocol.swift */,
				9B22571A242C080600332C8C /* ArtworkEditServiceSerializer.swift */,
				9B22571C242C081300332C8C /* ArtworkEditServiceSerializerProtocol.swift */,
			);
			path = Artwork;
			sourceTree = "<group>";
		};
		9B242C43240A0055001E0145 /* Artist */ = {
			isa = PBXGroup;
			children = (
				9B222A1023D265F400A2A8D0 /* ArtistsViewController.swift */,
				9B242C44240A0068001E0145 /* ArtistDetailViewController.swift */,
				9BF12F1D23D3B26D00BE8AA8 /* ArtistCreateViewController.swift */,
				9B6F9ACA240C5B73003C6E28 /* ArtistEditViewController.swift */,
				9B7B1D9C241DA3DF00563D91 /* ArtistListViewController.swift */,
				9B22570F242BC1EF00332C8C /* ArtistDataSync.swift */,
			);
			path = Artist;
			sourceTree = "<group>";
		};
		9B2985B8240DF494009E73D9 /* Customer */ = {
			isa = PBXGroup;
			children = (
				9BF0F98F23B6AF9A009ACE3E /* CustomersService.swift */,
				9B267D6923BA6E4A00203D3B /* CustomersServiceProtocol.swift */,
				9BDB599B23E0BC6200AB8C20 /* CustomerCreateService.swift */,
				9BDB599D23E0BCA100AB8C20 /* CustomerCreateServiceProtocol.swift */,
				9B40784723F0A06C002E4398 /* GetCustomerService.swift */,
				9B40784923F0A081002E4398 /* GetCustomerServiceProtocol.swift */,
				9B2985BD240DF577009E73D9 /* CustomerEditService.swift */,
				9B2985BF240DF583009E73D9 /* CustomerEditServiceProtocol.swift */,
			);
			path = Customer;
			sourceTree = "<group>";
		};
		9B2985B9240DF49E009E73D9 /* Collection */ = {
			isa = PBXGroup;
			children = (
				9B96E34C23E389B90024F388 /* CollectionService.swift */,
				9B96E34E23E38A540024F388 /* CollectionServiceProtocol.swift */,
				9B40783B23F09616002E4398 /* CollectionCreateService.swift */,
				9B40783D23F09662002E4398 /* CollectionCreateServiceProtocol.swift */,
				9BDE723D2410A85F00307EFC /* CollectionEditService.swift */,
				9BDE723F2410A86A00307EFC /* CollectionEditServiceProtocol.swift */,
				9BDE72412410ABE400307EFC /* GetCollectionService.swift */,
				9BDE72432410ABEC00307EFC /* GetCollectionServiceProtocol.swift */,
			);
			path = Collection;
			sourceTree = "<group>";
		};
		9B2985BA240DF4A2009E73D9 /* Artwork */ = {
			isa = PBXGroup;
			children = (
				9B96E34023E380650024F388 /* ArtworkCreateService.swift */,
				9B96E34223E380890024F388 /* ArtworkCreateServiceProtocol.swift */,
				9BDE72492410AF4D00307EFC /* ArtworkEditService.swift */,
				9BDE724B2410AF5600307EFC /* ArtworkEditServiceProtocol.swift */,
				9BDE724D2410AF6400307EFC /* GetArtworkService.swift */,
				9BDE724F2410AF7000307EFC /* GetArtworkServiceProtocol.swift */,
			);
			path = Artwork;
			sourceTree = "<group>";
		};
		9B2985BB240DF4AB009E73D9 /* Artist */ = {
			isa = PBXGroup;
			children = (
				9B222A1223D26B6500A2A8D0 /* ArtistsService.swift */,
				9B222A1423D26BA600A2A8D0 /* ArtistsServiceProtocol.swift */,
				9BF12F1F23D3B7F800BE8AA8 /* ArtistCreateService.swift */,
				9BF12F2123D3B80800BE8AA8 /* ArtistCreateServiceProtocol.swift */,
				9BDE72312410967700307EFC /* ArtistEditService.swift */,
				9BDE72332410968400307EFC /* ArtistEditServiceProtocol.swift */,
				9BDE72352410969F00307EFC /* GetArtistService.swift */,
				9BDE7237241096AC00307EFC /* GetArtistServiceProtocol.swift */,
			);
			path = Artist;
			sourceTree = "<group>";
		};
		9B2985BC240DF4B1009E73D9 /* GeneralInformation */ = {
			isa = PBXGroup;
			children = (
				9B222A1C23D2B30700A2A8D0 /* GeneralInformationService.swift */,
				9B222A1E23D2B33C00A2A8D0 /* GeneralInformationServiceProtocol.swift */,
				9B7A475A23D5E17E006D1BA4 /* GeneralInformationCreateService.swift */,
				9B7A475C23D5E1A1006D1BA4 /* GeneralInformationCreateServiceProtocol.swift */,
				9BDE722024108BC700307EFC /* GeneralInformationEditService.swift */,
				9BDE722224108BD300307EFC /* GeneralInformationEditServiceProtocol.swift */,
				9BDE722424108E5400307EFC /* GetGeneralInformationService.swift */,
				9BDE722624108E6200307EFC /* GetGeneralInformationServiceProtocol.swift */,
			);
			path = GeneralInformation;
			sourceTree = "<group>";
		};
		9B3DDBC92409F452006D440C /* GeneralInformation */ = {
			isa = PBXGroup;
			children = (
				9B222A1A23D2B04A00A2A8D0 /* GeneralInformationViewController.swift */,
				9B3DDBC72409F44B006D440C /* GeneralInformationDetailViewController.swift */,
				9B7A475823D4BC9B006D1BA4 /* GeneralInformationCreateViewController.swift */,
				9B6F9AC8240C5B31003C6E28 /* GeneralInformationEditViewController.swift */,
				9B937C49241EC43D00AFEE3B /* GeneralInformationListViewController.swift */,
				9B16D373242A776200593898 /* GeneralInformationDataSync.swift */,
			);
			path = GeneralInformation;
			sourceTree = "<group>";
		};
		9B6F9ACC240C6B2F003C6E28 /* Artwork */ = {
			isa = PBXGroup;
			children = (
				9B68BDA123D3A65F006ACF15 /* ArtworkDetailViewController.swift */,
				9BDB59A723E0D42500AB8C20 /* ArtworkCreateViewController.swift */,
				9B6F9ACF240C6B60003C6E28 /* ArtworkEditViewController.swift */,
			);
			path = Artwork;
			sourceTree = "<group>";
		};
		9B6F9ACD240C6B37003C6E28 /* Collection */ = {
			isa = PBXGroup;
			children = (
				9B68BD9F23D39BCE006ACF15 /* CollectionDetailViewController.swift */,
				9B40783923F094B0002E4398 /* CollectionCreateViewController.swift */,
				9B6F9AD1240C6B6D003C6E28 /* CollectionEditViewController.swift */,
			);
			path = Collection;
			sourceTree = "<group>";
		};
		9B6F9ACE240C6B4C003C6E28 /* Customer */ = {
			isa = PBXGroup;
			children = (
				9B90893023B2BBCF00FBE693 /* CustomersViewController.swift */,
				9B267D7123BA8A9700203D3B /* CustomerDetailViewController.swift */,
				9BDB599923E0B48C00AB8C20 /* CustomerCreateViewController.swift */,
				9B6F9AD3240C6B78003C6E28 /* CustomerEditViewController.swift */,
				9B225728242D2F3400332C8C /* CustomerDataSync.swift */,
			);
			path = Customer;
			sourceTree = "<group>";
		};
		9B755BF723A2AA7A004574A0 /* Models */ = {
			isa = PBXGroup;
			children = (
				9BF0F99123B7E2FF009ACE3E /* Customer.swift */,
				9B2A919223BF94D600CC7552 /* Collection.swift */,
				9B2A919423BF94E100CC7552 /* Artwork.swift */,
				9B2A919623BF94EB00CC7552 /* Artist.swift */,
				9B2A919823BF94F700CC7552 /* GeneralInformation.swift */,
				9B2A919A23BF991300CC7552 /* Image.swift */,
				9B2A919C23BF991D00CC7552 /* Pdf.swift */,
				9B616F7D242432F400204467 /* DataModel.xcdatamodeld */,
			);
			path = Models;
			sourceTree = "<group>";
		};
		9B755BF823A2AA80004574A0 /* Views */ = {
			isa = PBXGroup;
			children = (
				9B144DAB23A29FED00E0FE85 /* Main.storyboard */,
			);
			path = Views;
			sourceTree = "<group>";
		};
		9B755BF923A2AA85004574A0 /* Controllers */ = {
			isa = PBXGroup;
			children = (
				9B242C43240A0055001E0145 /* Artist */,
				9B6F9ACC240C6B2F003C6E28 /* Artwork */,
				9B6F9ACD240C6B37003C6E28 /* Collection */,
				9B6F9ACE240C6B4C003C6E28 /* Customer */,
				9B3DDBC92409F452006D440C /* GeneralInformation */,
				9B144DA923A29FED00E0FE85 /* LoginViewController.swift */,
			);
			path = Controllers;
			sourceTree = "<group>";
		};
		9B7A475523D4B7C1006D1BA4 /* ProtocolWrappers */ = {
			isa = PBXGroup;
			children = (
				9B7A475623D4B7ED006D1BA4 /* MBProgressHUDProtocol.swift */,
			);
			path = ProtocolWrappers;
			sourceTree = "<group>";
		};
		9BD34DB624246D6A00B9E47C /* Utilities */ = {
			isa = PBXGroup;
			children = (
				9BD34DB724246D7B00B9E47C /* DateUtility.swift */,
				9B225726242D029200332C8C /* AddressUtility.swift */,
			);
			path = Utilities;
			sourceTree = "<group>";
		};
		9BDE722C2410954B00307EFC /* Customer */ = {
			isa = PBXGroup;
			children = (
				9B267D6D23BA713900203D3B /* CustomersServiceDeserializer.swift */,
				9B267D6F23BA71AD00203D3B /* CustomersServiceDeserializerProtocol.swift */,
				9BDB59A323E0BE1900AB8C20 /* CustomerCreateServiceDeserializer.swift */,
				9BDB59A523E0BE2800AB8C20 /* CustomerCreateServiceDeserializerProtocol.swift */,
				9B40784B23F0A137002E4398 /* GetCustomerServiceDeserializerProtocol.swift */,
				9B40784D23F0A142002E4398 /* GetCustomerServiceDeserializer.swift */,
			);
			path = Customer;
			sourceTree = "<group>";
		};
		9BDE722D2410955700307EFC /* Artist */ = {
			isa = PBXGroup;
			children = (
				9B222A1623D26C3300A2A8D0 /* ArtistsServiceDeserializer.swift */,
				9B222A1823D26C3E00A2A8D0 /* ArtistsServiceDeserializerProtocol.swift */,
				9BF12F2A23D3BD1600BE8AA8 /* ArtistCreateServiceDeserializer.swift */,
				9BF12F2823D3BD0400BE8AA8 /* ArtistCreateServiceDeserializerProtocol.swift */,
				9BDE7239241099A000307EFC /* GetArtistServiceDeserializer.swift */,
				9BDE723B241099AA00307EFC /* GetArtistServiceDeserializerProtocol.swift */,
			);
			path = Artist;
			sourceTree = "<group>";
		};
		9BDE722E2410956000307EFC /* Collection */ = {
			isa = PBXGroup;
			children = (
				9B96E35223E38C080024F388 /* CollectionServiceDeserializer.swift */,
				9B96E35023E38BFC0024F388 /* CollectionServiceDeserializerProtocol.swift */,
				9B40783F23F09729002E4398 /* CollectionCreateServiceDeserializerProtocol.swift */,
				9B40784123F09735002E4398 /* CollectionCreateServiceDeserializer.swift */,
				9BDE72452410ACE000307EFC /* GetCollectionServiceDeserializerProtocol.swift */,
				9BDE72472410ACE800307EFC /* GetCollectionServiceDeserializer.swift */,
			);
			path = Collection;
			sourceTree = "<group>";
		};
		9BDE722F2410956500307EFC /* Artwork */ = {
			isa = PBXGroup;
			children = (
				9B96E34A23E383860024F388 /* ArtworkCreateServiceDeserializer.swift */,
				9B96E34823E383760024F388 /* ArtworkCreateServiceDeserializerProtocol.swift */,
				9BDE72512410B00E00307EFC /* GetArtworkServiceDeserializer.swift */,
				9BDE72532410B01E00307EFC /* GetArtworkServiceDeserializerProtocol.swift */,
			);
			path = Artwork;
			sourceTree = "<group>";
		};
		9BDE72302410956A00307EFC /* GeneralInformation */ = {
			isa = PBXGroup;
			children = (
				9B222A2023D2B3A200A2A8D0 /* GeneralInformationServiceDeserializer.swift */,
				9B222A2223D2B3AF00A2A8D0 /* GeneralInformationServiceDeserializerProtocol.swift */,
				9B7A476223D5E7C4006D1BA4 /* GeneralInformationCreateServiceDeserializerProtocol.swift */,
				9B7A476423D5E7D4006D1BA4 /* GeneralInformationCreateServiceDeserializer.swift */,
				9BDE722824108F4600307EFC /* GetGeneralInformationServiceDeserializerProtocol.swift */,
				9BDE722A24108F4F00307EFC /* GetGeneralInformationServiceDeserializer.swift */,
			);
			path = GeneralInformation;
			sourceTree = "<group>";
		};
		9BF0F98723B64C09009ACE3E /* Networking */ = {
			isa = PBXGroup;
			children = (
				9BF12F2323D3B85800BE8AA8 /* Serializers */,
				9BF0F98A23B64C72009ACE3E /* Deserializers */,
				9BF0F98923B64C6A009ACE3E /* Services */,
				9BF0F98B23B64F20009ACE3E /* ApiClient.swift */,
			);
			path = Networking;
			sourceTree = "<group>";
		};
		9BF0F98923B64C6A009ACE3E /* Services */ = {
			isa = PBXGroup;
			children = (
				9B2985BB240DF4AB009E73D9 /* Artist */,
				9B2985BA240DF4A2009E73D9 /* Artwork */,
				9B2985B9240DF49E009E73D9 /* Collection */,
				9B2985B8240DF494009E73D9 /* Customer */,
				9B2985BC240DF4B1009E73D9 /* GeneralInformation */,
				9BF0F98D23B64F7F009ACE3E /* LoginService.swift */,
				9B267D6B23BA6EDD00203D3B /* LoginServiceProtocol.swift */,
			);
			path = Services;
			sourceTree = "<group>";
		};
		9BF0F98A23B64C72009ACE3E /* Deserializers */ = {
			isa = PBXGroup;
			children = (
				9BDE722D2410955700307EFC /* Artist */,
				9BDE722F2410956500307EFC /* Artwork */,
				9BDE722E2410956000307EFC /* Collection */,
				9BDE722C2410954B00307EFC /* Customer */,
				9BDE72302410956A00307EFC /* GeneralInformation */,
			);
			path = Deserializers;
			sourceTree = "<group>";
		};
		9BF12F2323D3B85800BE8AA8 /* Serializers */ = {
			isa = PBXGroup;
			children = (
				9B225716242C059F00332C8C /* Artist */,
				9B225719242C05B300332C8C /* Artwork */,
				9B225718242C05AD00332C8C /* Collection */,
				9B225717242C05A900332C8C /* Customer */,
				9B225715242C059600332C8C /* GeneralInformation */,
			);
			path = Serializers;
			sourceTree = "<group>";
		};
/* End PBXGroup section */

/* Begin PBXNativeTarget section */
		9B144DA123A29FED00E0FE85 /* art-collector-ios */ = {
			isa = PBXNativeTarget;
			buildConfigurationList = 9B144DB623A29FEF00E0FE85 /* Build configuration list for PBXNativeTarget "art-collector-ios" */;
			buildPhases = (
				1062273FA39C57A822CAF6DA /* [CP] Check Pods Manifest.lock */,
				9B144D9E23A29FED00E0FE85 /* Sources */,
				9B144D9F23A29FED00E0FE85 /* Frameworks */,
				9B144DA023A29FED00E0FE85 /* Resources */,
				A070A0DAC2C14B90BD04B305 /* [CP] Embed Pods Frameworks */,
			);
			buildRules = (
			);
			dependencies = (
			);
			name = "art-collector-ios";
			productName = "art-collector-ios";
			productReference = 9B144DA223A29FED00E0FE85 /* art-collector-ios.app */;
			productType = "com.apple.product-type.application";
		};
/* End PBXNativeTarget section */

/* Begin PBXProject section */
		9B144D9A23A29FED00E0FE85 /* Project object */ = {
			isa = PBXProject;
			attributes = {
				LastSwiftUpdateCheck = 1120;
				LastUpgradeCheck = 1120;
				ORGANIZATIONNAME = "Luke Fitzgerald";
				TargetAttributes = {
					9B144DA123A29FED00E0FE85 = {
						CreatedOnToolsVersion = 11.2;
					};
				};
			};
			buildConfigurationList = 9B144D9D23A29FED00E0FE85 /* Build configuration list for PBXProject "art-collector-ios" */;
			compatibilityVersion = "Xcode 9.3";
			developmentRegion = en;
			hasScannedForEncodings = 0;
			knownRegions = (
				en,
				Base,
			);
			mainGroup = 9B144D9923A29FED00E0FE85;
			productRefGroup = 9B144DA323A29FED00E0FE85 /* Products */;
			projectDirPath = "";
			projectRoot = "";
			targets = (
				9B144DA123A29FED00E0FE85 /* art-collector-ios */,
			);
		};
/* End PBXProject section */

/* Begin PBXResourcesBuildPhase section */
		9B144DA023A29FED00E0FE85 /* Resources */ = {
			isa = PBXResourcesBuildPhase;
			buildActionMask = 2147483647;
			files = (
				9B144DB223A29FEF00E0FE85 /* LaunchScreen.storyboard in Resources */,
				9B144DAF23A29FEF00E0FE85 /* Assets.xcassets in Resources */,
				9B144DAD23A29FED00E0FE85 /* Main.storyboard in Resources */,
			);
			runOnlyForDeploymentPostprocessing = 0;
		};
/* End PBXResourcesBuildPhase section */

/* Begin PBXShellScriptBuildPhase section */
		1062273FA39C57A822CAF6DA /* [CP] Check Pods Manifest.lock */ = {
			isa = PBXShellScriptBuildPhase;
			buildActionMask = 2147483647;
			files = (
			);
			inputFileListPaths = (
			);
			inputPaths = (
				"${PODS_PODFILE_DIR_PATH}/Podfile.lock",
				"${PODS_ROOT}/Manifest.lock",
			);
			name = "[CP] Check Pods Manifest.lock";
			outputFileListPaths = (
			);
			outputPaths = (
				"$(DERIVED_FILE_DIR)/Pods-art-collector-ios-checkManifestLockResult.txt",
			);
			runOnlyForDeploymentPostprocessing = 0;
			shellPath = /bin/sh;
			shellScript = "diff \"${PODS_PODFILE_DIR_PATH}/Podfile.lock\" \"${PODS_ROOT}/Manifest.lock\" > /dev/null\nif [ $? != 0 ] ; then\n    # print error to STDERR\n    echo \"error: The sandbox is not in sync with the Podfile.lock. Run 'pod install' or update your CocoaPods installation.\" >&2\n    exit 1\nfi\n# This output is used by Xcode 'outputs' to avoid re-running this script phase.\necho \"SUCCESS\" > \"${SCRIPT_OUTPUT_FILE_0}\"\n";
			showEnvVarsInLog = 0;
		};
		A070A0DAC2C14B90BD04B305 /* [CP] Embed Pods Frameworks */ = {
			isa = PBXShellScriptBuildPhase;
			buildActionMask = 2147483647;
			files = (
			);
			inputFileListPaths = (
				"${PODS_ROOT}/Target Support Files/Pods-art-collector-ios/Pods-art-collector-ios-frameworks-${CONFIGURATION}-input-files.xcfilelist",
			);
			name = "[CP] Embed Pods Frameworks";
			outputFileListPaths = (
				"${PODS_ROOT}/Target Support Files/Pods-art-collector-ios/Pods-art-collector-ios-frameworks-${CONFIGURATION}-output-files.xcfilelist",
			);
			runOnlyForDeploymentPostprocessing = 0;
			shellPath = /bin/sh;
			shellScript = "\"${PODS_ROOT}/Target Support Files/Pods-art-collector-ios/Pods-art-collector-ios-frameworks.sh\"\n";
			showEnvVarsInLog = 0;
		};
/* End PBXShellScriptBuildPhase section */

/* Begin PBXSourcesBuildPhase section */
		9B144D9E23A29FED00E0FE85 /* Sources */ = {
			isa = PBXSourcesBuildPhase;
			buildActionMask = 2147483647;
			files = (
				9B6F9AD4240C6B78003C6E28 /* CustomerEditViewController.swift in Sources */,
				9BDE72422410ABE400307EFC /* GetCollectionService.swift in Sources */,
				9B7A476523D5E7D4006D1BA4 /* GeneralInformationCreateServiceDeserializer.swift in Sources */,
				9BDE72342410968400307EFC /* ArtistEditServiceProtocol.swift in Sources */,
				9B3DDBC82409F44B006D440C /* GeneralInformationDetailViewController.swift in Sources */,
				9BDB599A23E0B48C00AB8C20 /* CustomerCreateViewController.swift in Sources */,
				9B40784E23F0A142002E4398 /* GetCustomerServiceDeserializer.swift in Sources */,
				9B96E34723E383630024F388 /* ArtworkCreateServiceSerializerProtocol.swift in Sources */,
				9BDE72322410967700307EFC /* ArtistEditService.swift in Sources */,
				9BDE72502410AF7000307EFC /* GetArtworkServiceProtocol.swift in Sources */,
				9B16D378242A891100593898 /* GeneralInformationEditServiceSerializer.swift in Sources */,
				9B7A475F23D5E462006D1BA4 /* GeneralInformationCreateServiceSerializer.swift in Sources */,
				9B222A1523D26BA600A2A8D0 /* ArtistsServiceProtocol.swift in Sources */,
				9B937C4A241EC43D00AFEE3B /* GeneralInformationListViewController.swift in Sources */,
				9B90893123B2BBCF00FBE693 /* CustomersViewController.swift in Sources */,
				9B222A1F23D2B33C00A2A8D0 /* GeneralInformationServiceProtocol.swift in Sources */,
				9BDE72522410B00E00307EFC /* GetArtworkServiceDeserializer.swift in Sources */,
				9B225721242C083D00332C8C /* CollectionEditServiceSerializerProtocol.swift in Sources */,
				9B225729242D2F3400332C8C /* CustomerDataSync.swift in Sources */,
				9B40783E23F09662002E4398 /* CollectionCreateServiceProtocol.swift in Sources */,
				9BDB59A223E0BDFC00AB8C20 /* CustomerCreateServiceSerializerProtocol.swift in Sources */,
				9BDE723A241099A000307EFC /* GetArtistServiceDeserializer.swift in Sources */,
				9BDE722724108E6200307EFC /* GetGeneralInformationServiceProtocol.swift in Sources */,
				9B225712242BF76600332C8C /* ArtistEditServiceSerializer.swift in Sources */,
				9B68BDA023D39BCE006ACF15 /* CollectionDetailViewController.swift in Sources */,
				9BDE724E2410AF6400307EFC /* GetArtworkService.swift in Sources */,
				9BDB59A423E0BE1900AB8C20 /* CustomerCreateServiceDeserializer.swift in Sources */,
				9BF12F2923D3BD0400BE8AA8 /* ArtistCreateServiceDeserializerProtocol.swift in Sources */,
				9B225710242BC1EF00332C8C /* ArtistDataSync.swift in Sources */,
				9B40784223F09735002E4398 /* CollectionCreateServiceDeserializer.swift in Sources */,
				9B40783C23F09616002E4398 /* CollectionCreateService.swift in Sources */,
				9B2A919B23BF991300CC7552 /* Image.swift in Sources */,
				9BDE724A2410AF4D00307EFC /* ArtworkEditService.swift in Sources */,
				9BDE7238241096AC00307EFC /* GetArtistServiceProtocol.swift in Sources */,
				9B6F9ACB240C5B74003C6E28 /* ArtistEditViewController.swift in Sources */,
				9B2985BE240DF577009E73D9 /* CustomerEditService.swift in Sources */,
				9B7A475923D4BC9B006D1BA4 /* GeneralInformationCreateViewController.swift in Sources */,
				9BF12F2523D3BAB800BE8AA8 /* ArtistCreateServiceSerializerProtocol.swift in Sources */,
				9B22571F242C083100332C8C /* CollectionEditServiceSerializer.swift in Sources */,
				9BDE72402410A86A00307EFC /* CollectionEditServiceProtocol.swift in Sources */,
				9B7A476323D5E7C4006D1BA4 /* GeneralInformationCreateServiceDeserializerProtocol.swift in Sources */,
				9B225714242BF77400332C8C /* ArtistEditServiceSerializerProtocol.swift in Sources */,
				9B96E34B23E383860024F388 /* ArtworkCreateServiceDeserializer.swift in Sources */,
				9BF12F2B23D3BD1600BE8AA8 /* ArtistCreateServiceDeserializer.swift in Sources */,
				9B2985C0240DF583009E73D9 /* CustomerEditServiceProtocol.swift in Sources */,
				9B22571D242C081300332C8C /* ArtworkEditServiceSerializerProtocol.swift in Sources */,
				9B222A1923D26C3E00A2A8D0 /* ArtistsServiceDeserializerProtocol.swift in Sources */,
				9BDE72542410B01E00307EFC /* GetArtworkServiceDeserializerProtocol.swift in Sources */,
				9BDE722324108BD300307EFC /* GeneralInformationEditServiceProtocol.swift in Sources */,
				9B2A919D23BF991D00CC7552 /* Pdf.swift in Sources */,
				9BDE723E2410A85F00307EFC /* CollectionEditService.swift in Sources */,
				9BDE72482410ACE800307EFC /* GetCollectionServiceDeserializer.swift in Sources */,
				9B6F9AD0240C6B60003C6E28 /* ArtworkEditViewController.swift in Sources */,
				9B7A475B23D5E17E006D1BA4 /* GeneralInformationCreateService.swift in Sources */,
				9B242C45240A0068001E0145 /* ArtistDetailViewController.swift in Sources */,
				9BDE722924108F4600307EFC /* GetGeneralInformationServiceDeserializerProtocol.swift in Sources */,
				9B6F9AC9240C5B31003C6E28 /* GeneralInformationEditViewController.swift in Sources */,
				9BDE724C2410AF5600307EFC /* ArtworkEditServiceProtocol.swift in Sources */,
				9BF12F2723D3BAC500BE8AA8 /* ArtistCreateServiceSerializer.swift in Sources */,
				9BD34DB824246D7B00B9E47C /* DateUtility.swift in Sources */,
				9BDB599E23E0BCA100AB8C20 /* CustomerCreateServiceProtocol.swift in Sources */,
				9B222A1123D265F400A2A8D0 /* ArtistsViewController.swift in Sources */,
				9B16D374242A776200593898 /* GeneralInformationDataSync.swift in Sources */,
				9BF0F98E23B64F7F009ACE3E /* LoginService.swift in Sources */,
				9B40784A23F0A081002E4398 /* GetCustomerServiceProtocol.swift in Sources */,
				9BDB59A623E0BE2800AB8C20 /* CustomerCreateServiceDeserializerProtocol.swift in Sources */,
				9B40784C23F0A137002E4398 /* GetCustomerServiceDeserializerProtocol.swift in Sources */,
				9B222A1D23D2B30700A2A8D0 /* GeneralInformationService.swift in Sources */,
				9BF12F1E23D3B26D00BE8AA8 /* ArtistCreateViewController.swift in Sources */,
				9BDE72362410969F00307EFC /* GetArtistService.swift in Sources */,
				9BDE722524108E5400307EFC /* GetGeneralInformationService.swift in Sources */,
				9B2A919923BF94F700CC7552 /* GeneralInformation.swift in Sources */,
				9B267D6A23BA6E4A00203D3B /* CustomersServiceProtocol.swift in Sources */,
				9B96E34123E380650024F388 /* ArtworkCreateService.swift in Sources */,
				9B267D6E23BA713900203D3B /* CustomersServiceDeserializer.swift in Sources */,
				9B22571B242C080600332C8C /* ArtworkEditServiceSerializer.swift in Sources */,
				9BF12F2223D3B80800BE8AA8 /* ArtistCreateServiceProtocol.swift in Sources */,
				9BDE72462410ACE000307EFC /* GetCollectionServiceDeserializerProtocol.swift in Sources */,
				9B16D376242A890100593898 /* GeneralInformationEditServiceSerializerProtocol.swift in Sources */,
				9B40784423F097BB002E4398 /* CollectionCreateServiceSerializerProtocol.swift in Sources */,
				9BF12F2023D3B7F800BE8AA8 /* ArtistCreateService.swift in Sources */,
				9BDE72442410ABEC00307EFC /* GetCollectionServiceProtocol.swift in Sources */,
				9B222A1323D26B6500A2A8D0 /* ArtistsService.swift in Sources */,
				9B7A475723D4B7ED006D1BA4 /* MBProgressHUDProtocol.swift in Sources */,
				9B96E34F23E38A540024F388 /* CollectionServiceProtocol.swift in Sources */,
				9B267D7023BA71AD00203D3B /* CustomersServiceDeserializerProtocol.swift in Sources */,
				9B96E34923E383760024F388 /* ArtworkCreateServiceDeserializerProtocol.swift in Sources */,
				9BDB599C23E0BC6200AB8C20 /* CustomerCreateService.swift in Sources */,
				9B225725242C086700332C8C /* CustomerEditServiceSerializerProtocol.swift in Sources */,
				9B68BDA223D3A65F006ACF15 /* ArtworkDetailViewController.swift in Sources */,
				9B40784023F09729002E4398 /* CollectionCreateServiceDeserializerProtocol.swift in Sources */,
				9B2A919323BF94D600CC7552 /* Collection.swift in Sources */,
				9BDE723C241099AA00307EFC /* GetArtistServiceDeserializerProtocol.swift in Sources */,
				9B40784623F097C6002E4398 /* CollectionCreateServiceSerializer.swift in Sources */,
				9B222A2323D2B3AF00A2A8D0 /* GeneralInformationServiceDeserializerProtocol.swift in Sources */,
				9B96E34323E380890024F388 /* ArtworkCreateServiceProtocol.swift in Sources */,
				9B144DAA23A29FED00E0FE85 /* LoginViewController.swift in Sources */,
				9BDE722B24108F4F00307EFC /* GetGeneralInformationServiceDeserializer.swift in Sources */,
				9B7A475D23D5E1A1006D1BA4 /* GeneralInformationCreateServiceProtocol.swift in Sources */,
				9B7A476123D5E477006D1BA4 /* GeneralInformationCreateServiceSerializerProtocol.swift in Sources */,
				9B96E35323E38C080024F388 /* CollectionServiceDeserializer.swift in Sources */,
				9B222A1B23D2B04A00A2A8D0 /* GeneralInformationViewController.swift in Sources */,
				9BF0F99223B7E2FF009ACE3E /* Customer.swift in Sources */,
				9B144DA623A29FED00E0FE85 /* AppDelegate.swift in Sources */,
				9B144DA823A29FED00E0FE85 /* SceneDelegate.swift in Sources */,
				9B225723242C085F00332C8C /* CustomerEditServiceSerializer.swift in Sources */,
				9BDB59A023E0BDEF00AB8C20 /* CustomerCreateServiceSerializer.swift in Sources */,
				9BDB59A823E0D42500AB8C20 /* ArtworkCreateViewController.swift in Sources */,
				9B96E34D23E389B90024F388 /* CollectionService.swift in Sources */,
				9B2A919523BF94E100CC7552 /* Artwork.swift in Sources */,
				9B267D6C23BA6EDD00203D3B /* LoginServiceProtocol.swift in Sources */,
				9B40783A23F094B0002E4398 /* CollectionCreateViewController.swift in Sources */,
				9B225727242D029200332C8C /* AddressUtility.swift in Sources */,
				9BF0F99023B6AF9A009ACE3E /* CustomersService.swift in Sources */,
				9B7B1D9D241DA3DF00563D91 /* ArtistListViewController.swift in Sources */,
				9B267D7223BA8A9700203D3B /* CustomerDetailViewController.swift in Sources */,
				9B2A919723BF94EB00CC7552 /* Artist.swift in Sources */,
				9B616F7F242432F400204467 /* DataModel.xcdatamodeld in Sources */,
				9BF0F98C23B64F20009ACE3E /* ApiClient.swift in Sources */,
				9BDE722124108BC700307EFC /* GeneralInformationEditService.swift in Sources */,
				9B96E34523E383590024F388 /* ArtworkCreateServiceSerializer.swift in Sources */,
				9B222A2123D2B3A200A2A8D0 /* GeneralInformationServiceDeserializer.swift in Sources */,
				9B96E35123E38BFC0024F388 /* CollectionServiceDeserializerProtocol.swift in Sources */,
				9B6F9AD2240C6B6D003C6E28 /* CollectionEditViewController.swift in Sources */,
				9B40784823F0A06C002E4398 /* GetCustomerService.swift in Sources */,
				9B222A1723D26C3300A2A8D0 /* ArtistsServiceDeserializer.swift in Sources */,
			);
			runOnlyForDeploymentPostprocessing = 0;
		};
/* End PBXSourcesBuildPhase section */

/* Begin PBXVariantGroup section */
		9B144DAB23A29FED00E0FE85 /* Main.storyboard */ = {
			isa = PBXVariantGroup;
			children = (
				9B144DAC23A29FED00E0FE85 /* Base */,
			);
			name = Main.storyboard;
			sourceTree = "<group>";
		};
		9B144DB023A29FEF00E0FE85 /* LaunchScreen.storyboard */ = {
			isa = PBXVariantGroup;
			children = (
				9B144DB123A29FEF00E0FE85 /* Base */,
			);
			name = LaunchScreen.storyboard;
			sourceTree = "<group>";
		};
/* End PBXVariantGroup section */

/* Begin XCBuildConfiguration section */
		9B144DB423A29FEF00E0FE85 /* Debug */ = {
			isa = XCBuildConfiguration;
			buildSettings = {
				ALWAYS_SEARCH_USER_PATHS = NO;
				CLANG_ANALYZER_NONNULL = YES;
				CLANG_ANALYZER_NUMBER_OBJECT_CONVERSION = YES_AGGRESSIVE;
				CLANG_CXX_LANGUAGE_STANDARD = "gnu++14";
				CLANG_CXX_LIBRARY = "libc++";
				CLANG_ENABLE_MODULES = YES;
				CLANG_ENABLE_OBJC_ARC = YES;
				CLANG_ENABLE_OBJC_WEAK = YES;
				CLANG_WARN_BLOCK_CAPTURE_AUTORELEASING = YES;
				CLANG_WARN_BOOL_CONVERSION = YES;
				CLANG_WARN_COMMA = YES;
				CLANG_WARN_CONSTANT_CONVERSION = YES;
				CLANG_WARN_DEPRECATED_OBJC_IMPLEMENTATIONS = YES;
				CLANG_WARN_DIRECT_OBJC_ISA_USAGE = YES_ERROR;
				CLANG_WARN_DOCUMENTATION_COMMENTS = YES;
				CLANG_WARN_EMPTY_BODY = YES;
				CLANG_WARN_ENUM_CONVERSION = YES;
				CLANG_WARN_INFINITE_RECURSION = YES;
				CLANG_WARN_INT_CONVERSION = YES;
				CLANG_WARN_NON_LITERAL_NULL_CONVERSION = YES;
				CLANG_WARN_OBJC_IMPLICIT_RETAIN_SELF = YES;
				CLANG_WARN_OBJC_LITERAL_CONVERSION = YES;
				CLANG_WARN_OBJC_ROOT_CLASS = YES_ERROR;
				CLANG_WARN_RANGE_LOOP_ANALYSIS = YES;
				CLANG_WARN_STRICT_PROTOTYPES = YES;
				CLANG_WARN_SUSPICIOUS_MOVE = YES;
				CLANG_WARN_UNGUARDED_AVAILABILITY = YES_AGGRESSIVE;
				CLANG_WARN_UNREACHABLE_CODE = YES;
				CLANG_WARN__DUPLICATE_METHOD_MATCH = YES;
				COPY_PHASE_STRIP = NO;
				DEBUG_INFORMATION_FORMAT = dwarf;
				ENABLE_STRICT_OBJC_MSGSEND = YES;
				ENABLE_TESTABILITY = YES;
				GCC_C_LANGUAGE_STANDARD = gnu11;
				GCC_DYNAMIC_NO_PIC = NO;
				GCC_NO_COMMON_BLOCKS = YES;
				GCC_OPTIMIZATION_LEVEL = 0;
				GCC_PREPROCESSOR_DEFINITIONS = (
					"DEBUG=1",
					"$(inherited)",
				);
				GCC_WARN_64_TO_32_BIT_CONVERSION = YES;
				GCC_WARN_ABOUT_RETURN_TYPE = YES_ERROR;
				GCC_WARN_UNDECLARED_SELECTOR = YES;
				GCC_WARN_UNINITIALIZED_AUTOS = YES_AGGRESSIVE;
				GCC_WARN_UNUSED_FUNCTION = YES;
				GCC_WARN_UNUSED_VARIABLE = YES;
				IPHONEOS_DEPLOYMENT_TARGET = 13.2;
				MTL_ENABLE_DEBUG_INFO = INCLUDE_SOURCE;
				MTL_FAST_MATH = YES;
				ONLY_ACTIVE_ARCH = YES;
				SDKROOT = iphoneos;
				SWIFT_ACTIVE_COMPILATION_CONDITIONS = DEBUG;
				SWIFT_OPTIMIZATION_LEVEL = "-Onone";
			};
			name = Debug;
		};
		9B144DB523A29FEF00E0FE85 /* Release */ = {
			isa = XCBuildConfiguration;
			buildSettings = {
				ALWAYS_SEARCH_USER_PATHS = NO;
				CLANG_ANALYZER_NONNULL = YES;
				CLANG_ANALYZER_NUMBER_OBJECT_CONVERSION = YES_AGGRESSIVE;
				CLANG_CXX_LANGUAGE_STANDARD = "gnu++14";
				CLANG_CXX_LIBRARY = "libc++";
				CLANG_ENABLE_MODULES = YES;
				CLANG_ENABLE_OBJC_ARC = YES;
				CLANG_ENABLE_OBJC_WEAK = YES;
				CLANG_WARN_BLOCK_CAPTURE_AUTORELEASING = YES;
				CLANG_WARN_BOOL_CONVERSION = YES;
				CLANG_WARN_COMMA = YES;
				CLANG_WARN_CONSTANT_CONVERSION = YES;
				CLANG_WARN_DEPRECATED_OBJC_IMPLEMENTATIONS = YES;
				CLANG_WARN_DIRECT_OBJC_ISA_USAGE = YES_ERROR;
				CLANG_WARN_DOCUMENTATION_COMMENTS = YES;
				CLANG_WARN_EMPTY_BODY = YES;
				CLANG_WARN_ENUM_CONVERSION = YES;
				CLANG_WARN_INFINITE_RECURSION = YES;
				CLANG_WARN_INT_CONVERSION = YES;
				CLANG_WARN_NON_LITERAL_NULL_CONVERSION = YES;
				CLANG_WARN_OBJC_IMPLICIT_RETAIN_SELF = YES;
				CLANG_WARN_OBJC_LITERAL_CONVERSION = YES;
				CLANG_WARN_OBJC_ROOT_CLASS = YES_ERROR;
				CLANG_WARN_RANGE_LOOP_ANALYSIS = YES;
				CLANG_WARN_STRICT_PROTOTYPES = YES;
				CLANG_WARN_SUSPICIOUS_MOVE = YES;
				CLANG_WARN_UNGUARDED_AVAILABILITY = YES_AGGRESSIVE;
				CLANG_WARN_UNREACHABLE_CODE = YES;
				CLANG_WARN__DUPLICATE_METHOD_MATCH = YES;
				COPY_PHASE_STRIP = NO;
				DEBUG_INFORMATION_FORMAT = "dwarf-with-dsym";
				ENABLE_NS_ASSERTIONS = NO;
				ENABLE_STRICT_OBJC_MSGSEND = YES;
				GCC_C_LANGUAGE_STANDARD = gnu11;
				GCC_NO_COMMON_BLOCKS = YES;
				GCC_WARN_64_TO_32_BIT_CONVERSION = YES;
				GCC_WARN_ABOUT_RETURN_TYPE = YES_ERROR;
				GCC_WARN_UNDECLARED_SELECTOR = YES;
				GCC_WARN_UNINITIALIZED_AUTOS = YES_AGGRESSIVE;
				GCC_WARN_UNUSED_FUNCTION = YES;
				GCC_WARN_UNUSED_VARIABLE = YES;
				IPHONEOS_DEPLOYMENT_TARGET = 13.2;
				MTL_ENABLE_DEBUG_INFO = NO;
				MTL_FAST_MATH = YES;
				SDKROOT = iphoneos;
				SWIFT_COMPILATION_MODE = wholemodule;
				SWIFT_OPTIMIZATION_LEVEL = "-O";
				VALIDATE_PRODUCT = YES;
			};
			name = Release;
		};
		9B144DB723A29FEF00E0FE85 /* Debug */ = {
			isa = XCBuildConfiguration;
			baseConfigurationReference = 30A6F5E646AE8F912610DAA7 /* Pods-art-collector-ios.debug.xcconfig */;
			buildSettings = {
				ASSETCATALOG_COMPILER_APPICON_NAME = AppIcon;
				CODE_SIGN_IDENTITY = "Apple Development";
				CODE_SIGN_STYLE = Automatic;
				CURRENT_PROJECT_VERSION = 1.0.3;
				DEVELOPMENT_TEAM = ZA3944NWNK;
				INFOPLIST_FILE = "art-collector-ios/Info.plist";
				LD_RUNPATH_SEARCH_PATHS = (
					"$(inherited)",
					"@executable_path/Frameworks",
				);
				MARKETING_VERSION = 1.0;
				PRODUCT_BUNDLE_IDENTIFIER = com.lukefitzgerald.spire;
				PRODUCT_NAME = "$(TARGET_NAME)";
				PROVISIONING_PROFILE_SPECIFIER = "";
				SWIFT_VERSION = 5.0;
				TARGETED_DEVICE_FAMILY = "1,2";
			};
			name = Debug;
		};
		9B144DB823A29FEF00E0FE85 /* Release */ = {
			isa = XCBuildConfiguration;
			baseConfigurationReference = E99682F11013E74018886D55 /* Pods-art-collector-ios.release.xcconfig */;
			buildSettings = {
				ASSETCATALOG_COMPILER_APPICON_NAME = AppIcon;
				CODE_SIGN_IDENTITY = "Apple Development";
				CODE_SIGN_STYLE = Automatic;
				CURRENT_PROJECT_VERSION = 1.0.3;
				DEVELOPMENT_TEAM = ZA3944NWNK;
				INFOPLIST_FILE = "art-collector-ios/Info.plist";
				LD_RUNPATH_SEARCH_PATHS = (
					"$(inherited)",
					"@executable_path/Frameworks",
				);
				MARKETING_VERSION = 1.0;
				PRODUCT_BUNDLE_IDENTIFIER = com.lukefitzgerald.spire;
				PRODUCT_NAME = "$(TARGET_NAME)";
				PROVISIONING_PROFILE_SPECIFIER = "";
				SWIFT_VERSION = 5.0;
				TARGETED_DEVICE_FAMILY = "1,2";
			};
			name = Release;
		};
/* End XCBuildConfiguration section */

/* Begin XCConfigurationList section */
		9B144D9D23A29FED00E0FE85 /* Build configuration list for PBXProject "art-collector-ios" */ = {
			isa = XCConfigurationList;
			buildConfigurations = (
				9B144DB423A29FEF00E0FE85 /* Debug */,
				9B144DB523A29FEF00E0FE85 /* Release */,
			);
			defaultConfigurationIsVisible = 0;
			defaultConfigurationName = Release;
		};
		9B144DB623A29FEF00E0FE85 /* Build configuration list for PBXNativeTarget "art-collector-ios" */ = {
			isa = XCConfigurationList;
			buildConfigurations = (
				9B144DB723A29FEF00E0FE85 /* Debug */,
				9B144DB823A29FEF00E0FE85 /* Release */,
			);
			defaultConfigurationIsVisible = 0;
			defaultConfigurationName = Release;
		};
/* End XCConfigurationList section */

/* Begin XCVersionGroup section */
		9B616F7D242432F400204467 /* DataModel.xcdatamodeld */ = {
			isa = XCVersionGroup;
			children = (
				9B616F7E242432F400204467 /* DataModel.xcdatamodel */,
			);
			currentVersion = 9B616F7E242432F400204467 /* DataModel.xcdatamodel */;
			path = DataModel.xcdatamodeld;
			sourceTree = "<group>";
			versionGroupType = wrapper.xcdatamodel;
		};
/* End XCVersionGroup section */
	};
	rootObject = 9B144D9A23A29FED00E0FE85 /* Project object */;
}
